// !$*UTF8*$!
{
	archiveVersion = 1;
	classes = {
	};
	objectVersion = 77;
	objects = {

/* Begin PBXBuildFile section */
		0127F846C37CAFAFA0455C60 /* CodeMirrorEditor.swift in Sources */ = {isa = PBXBuildFile; fileRef = 73EA833CAD13B84DA71C0544 /* CodeMirrorEditor.swift */; };
		025311FF492B505FC913440D /* GitInfo.swift in Sources */ = {isa = PBXBuildFile; fileRef = C7DACB449A648403C7CCDD3F /* GitInfo.swift */; };
		04195D3F2962ED2D9A21C2F5 /* SectionSyncService.swift in Sources */ = {isa = PBXBuildFile; fileRef = EA5B65E36E0BB3661A7CE09A /* SectionSyncService.swift */; };
		0482D5E5C956125D76159EA2 /* SectionTypography.swift in Sources */ = {isa = PBXBuildFile; fileRef = 049B00CFA6C19B14553937F3 /* SectionTypography.swift */; };
		062B41D5D62F9F40057C254B /* ContentView+ProjectLifecycle.swift in Sources */ = {isa = PBXBuildFile; fileRef = 07DB82121B58A51D0946666A /* ContentView+ProjectLifecycle.swift */; };
		0784ABBC885E7F022DDC0D6B /* ExportViewModel.swift in Sources */ = {isa = PBXBuildFile; fileRef = 646D666F8FB90F4CDCFF356E /* ExportViewModel.swift */; };
		0ABF543A354D8FA782C316FB /* RadixScales+Custom.swift in Sources */ = {isa = PBXBuildFile; fileRef = F37D8109D489C3EF73C167C0 /* RadixScales+Custom.swift */; };
		0C67A14B44BDA954C666F7FD /* ZoteroChecker.swift in Sources */ = {isa = PBXBuildFile; fileRef = 2070D9DD040736953F1CAA08 /* ZoteroChecker.swift */; };
		0ED46619B703DCB8610330F3 /* Section.swift in Sources */ = {isa = PBXBuildFile; fileRef = BC27954DE76B2ADD62BBFF00 /* Section.swift */; };
		135D44FB4D2BB6A12ABB783F /* OutlineSidebar.swift in Sources */ = {isa = PBXBuildFile; fileRef = 75B3D65D281D81B769D7DF96 /* OutlineSidebar.swift */; };
		15E9D15B0AF02828BFF55BCF /* LanguageToolProvider.swift in Sources */ = {isa = PBXBuildFile; fileRef = 3A530A55D9265E47C5CF4EB3 /* LanguageToolProvider.swift */; };
		175134B0E1A82073C2CB4D0F /* GoalPreferencesPane.swift in Sources */ = {isa = PBXBuildFile; fileRef = B09119DC4E9BBDC1E741006B /* GoalPreferencesPane.swift */; };
		1CB5D59D6B0C2C767547192A /* Database+BlocksWordCount.swift in Sources */ = {isa = PBXBuildFile; fileRef = DDC88DC217831BA18037CB1B /* Database+BlocksWordCount.swift */; };
		20AFD8B3E9B9181745AD26B8 /* FinalFinalTests.swift in Sources */ = {isa = PBXBuildFile; fileRef = 0E843650744C2F13D1618667 /* FinalFinalTests.swift */; };
		21E9D0A73D4F1709F165CC1E /* BuiltInProvider.swift in Sources */ = {isa = PBXBuildFile; fileRef = DDC98D54901B8744835E5EF4 /* BuiltInProvider.swift */; };
		21F0559EDFDBA7FFB28AAD5D /* ThemeCommands.swift in Sources */ = {isa = PBXBuildFile; fileRef = 36487B030EB59318DB746D86 /* ThemeCommands.swift */; };
		230D53A0B012FF234621652E /* BlockSyncService.swift in Sources */ = {isa = PBXBuildFile; fileRef = 4BE2C3C3ABC2BC1990C2AC24 /* BlockSyncService.swift */; };
		24E6DCFA94F75C5A30CF12D4 /* MilkdownCoordinator+Content.swift in Sources */ = {isa = PBXBuildFile; fileRef = 2892EEB9AB8A127B61B8B1D8 /* MilkdownCoordinator+Content.swift */; };
		2607C5DF7DE82A639CC52E8D /* AnnotationFilterBar.swift in Sources */ = {isa = PBXBuildFile; fileRef = 988DC867E52B507551B94D73 /* AnnotationFilterBar.swift */; };
		26CBEFD0C2BEA4FD5BBAF49E /* RadixScales+Semantic.swift in Sources */ = {isa = PBXBuildFile; fileRef = 8022FED1E4C6607CD01857B7 /* RadixScales+Semantic.swift */; };
		27788FB6CF7677E47103E1D6 /* EditorViewState.swift in Sources */ = {isa = PBXBuildFile; fileRef = 31C89F3A4269349290CD8F03 /* EditorViewState.swift */; };
		2802A3278F0A84FA184FCCBD /* VersionHistoryWindow.swift in Sources */ = {isa = PBXBuildFile; fileRef = 6BDEEE9C10B3CB00393F7E53 /* VersionHistoryWindow.swift */; };
		2A5EB4F121ED5781FDD710A7 /* AppDelegate.swift in Sources */ = {isa = PBXBuildFile; fileRef = 6AD4BB30F275702838E8D3F8 /* AppDelegate.swift */; };
		340253991038A90C28898154 /* DocumentPreviewView.swift in Sources */ = {isa = PBXBuildFile; fileRef = 944062D49633F32557CC7161 /* DocumentPreviewView.swift */; };
		35FA3CC0FED14ED1D7FD9000 /* TagPillView.swift in Sources */ = {isa = PBXBuildFile; fileRef = 65E7386521E240F08687F38B /* TagPillView.swift */; };
		3809CA424F5F60778B029882 /* UITestHelpers.swift in Sources */ = {isa = PBXBuildFile; fileRef = DA881EDD8E51F372A2C980A5 /* UITestHelpers.swift */; };
		3957C98BBCB2699A33E2C288 /* FileCommands.swift in Sources */ = {isa = PBXBuildFile; fileRef = 9B422289970724FBD8F8FFDC /* FileCommands.swift */; };
		3B2AC62CE58F7D93C7344D13 /* ContentView+SectionManagement.swift in Sources */ = {isa = PBXBuildFile; fileRef = 0F398C30DDF6EB57FF14A96D /* ContentView+SectionManagement.swift */; };
		3C01E547EFAD7C50604AEB10 /* VersionListView.swift in Sources */ = {isa = PBXBuildFile; fileRef = E99D04B51EB859A1BD1A73BB /* VersionListView.swift */; };
		3D1B4B7C84B95B0C08F3555D /* VersionHistorySheet+Actions.swift in Sources */ = {isa = PBXBuildFile; fileRef = 403B8E649101EE81EC675619 /* VersionHistorySheet+Actions.swift */; };
		3F3CDE3F335D3DF046014F49 /* Assets.xcassets in Resources */ = {isa = PBXBuildFile; fileRef = 540DB80C2488D249796ABEAA /* Assets.xcassets */; };
		40232071CF86A652D542B783 /* getting-started.md in Resources */ = {isa = PBXBuildFile; fileRef = 5AC92738325B26E686EFFCF3 /* getting-started.md */; };
		45869BA1A8791DA0E428B1BD /* Database.swift in Sources */ = {isa = PBXBuildFile; fileRef = E9A8D79672E775EA73854D93 /* Database.swift */; };
		462CD674C023169FE6A7C21F /* VersionHistoryWindow+Restore.swift in Sources */ = {isa = PBXBuildFile; fileRef = C8498B4341C08418634FB2AC /* VersionHistoryWindow+Restore.swift */; };
		47DBF3857C5C06C046A299AD /* OutlineParser.swift in Sources */ = {isa = PBXBuildFile; fileRef = 5A1E8A83A78A7909AA1289DB /* OutlineParser.swift */; };
		49989C588EFAF924B6BF9400 /* Document.swift in Sources */ = {isa = PBXBuildFile; fileRef = 54B0DE603A99327D920573B6 /* Document.swift */; };
		49ACC632B2B50DFDBED9954B /* DocumentManager.swift in Sources */ = {isa = PBXBuildFile; fileRef = 44DE11B8C0AD43E4C7DA35BF /* DocumentManager.swift */; };
		49DBFD0515384750FE283806 /* ContentView+HierarchyEnforcement.swift in Sources */ = {isa = PBXBuildFile; fileRef = 97EBF329386AD7C3A261ACC6 /* ContentView+HierarchyEnforcement.swift */; };
		4AA86A11D7EC52D97D029274 /* Annotation.swift in Sources */ = {isa = PBXBuildFile; fileRef = 7311920CB617B184B124B6F4 /* Annotation.swift */; };
		4C7E2457DC3A7DA2BCE893AB /* Database+BlocksReorder.swift in Sources */ = {isa = PBXBuildFile; fileRef = 5902C341D97A143E13EC44CA /* Database+BlocksReorder.swift */; };
		4C928D3A6E337665ED5BB7C1 /* SectionSyncService+Anchors.swift in Sources */ = {isa = PBXBuildFile; fileRef = 5F9E113796E1D22FF7D8AB97 /* SectionSyncService+Anchors.swift */; };
		4D671DBFA718AA3F2C24DFE3 /* Database+Snapshots.swift in Sources */ = {isa = PBXBuildFile; fileRef = 6E07FED1E8BB1958EF4F04CF /* Database+Snapshots.swift */; };
		51055D83C24D331379EBD419 /* DocumentManager+GettingStarted.swift in Sources */ = {isa = PBXBuildFile; fileRef = 3B4388FBF61DA9C85D7AB27E /* DocumentManager+GettingStarted.swift */; };
		51B8B9C54EC8B405167BB9AD /* Block.swift in Sources */ = {isa = PBXBuildFile; fileRef = 4E15DA17E982BE8595CD07FE /* Block.swift */; };
		5264BEBC43EC7D90374BF0D6 /* ProofingPreferencesPane.swift in Sources */ = {isa = PBXBuildFile; fileRef = 45FDCE8CF47C69A854217FB7 /* ProofingPreferencesPane.swift */; };
		533D8BDE9118ACC34CF4BF89 /* ExportPreferencesPane.swift in Sources */ = {isa = PBXBuildFile; fileRef = BEC20B55C260FCF5460E4E23 /* ExportPreferencesPane.swift */; };
		53A856455FD6985D356DF716 /* ExportService.swift in Sources */ = {isa = PBXBuildFile; fileRef = 6C65021F994002F139C1184C /* ExportService.swift */; };
		5428AB4DBE5F4E61BBD3DFAC /* GRDB in Frameworks */ = {isa = PBXBuildFile; productRef = 980503AFBDB8FC8CEF6F8BFE /* GRDB */; };
		59E041D4F98FE5B1F9A13ED4 /* FindBarView.swift in Sources */ = {isa = PBXBuildFile; fileRef = D13D076E04BD3B0EA34D5E26 /* FindBarView.swift */; };
		5AF10728B84222571BDBB8A1 /* DraggableCardView.swift in Sources */ = {isa = PBXBuildFile; fileRef = B94BA0DFF06C7D3B1B7F38F5 /* DraggableCardView.swift */; };
		5AFFFF64449FC6C7058004E5 /* ContentView+ContentRebuilding.swift in Sources */ = {isa = PBXBuildFile; fileRef = E856C7AE9A5FD0C74735140C /* ContentView+ContentRebuilding.swift */; };
		5B5AFBF103A6E02BD4EB4898 /* Database+Annotations.swift in Sources */ = {isa = PBXBuildFile; fileRef = 728F6240519F3BDA2753E515 /* Database+Annotations.swift */; };
		5C07BE1D08BFF8C132BC10C7 /* StatusDot.swift in Sources */ = {isa = PBXBuildFile; fileRef = 4F774D004F48293691E2241C /* StatusDot.swift */; };
		5D11CB5DD10F6D6E3560D087 /* PreferencesView.swift in Sources */ = {isa = PBXBuildFile; fileRef = 87026C4D0F2AEB394A0A85D9 /* PreferencesView.swift */; };
		5DC993888BDFB3602E1FA2AA /* EditorSchemeHandler.swift in Sources */ = {isa = PBXBuildFile; fileRef = CE6D9836DD14A789629A10CB /* EditorSchemeHandler.swift */; };
		5DCCCD27DB39DACD3CDDDBB4 /* ExportSettings.swift in Sources */ = {isa = PBXBuildFile; fileRef = B188809C6D7BE7E2CB11C3A3 /* ExportSettings.swift */; };
		5E65B667DA5C19888B7BF88E /* Typography.swift in Sources */ = {isa = PBXBuildFile; fileRef = CE36F17D91BD28DBE49E98F8 /* Typography.swift */; };
		63072A9E8DE3BC6324759AE9 /* ProjectDatabase.swift in Sources */ = {isa = PBXBuildFile; fileRef = DFB3FE823FEA8DAD86CD01A9 /* ProjectDatabase.swift */; };
		639B3B47C550E26A3EE3F0D2 /* PandocLocator.swift in Sources */ = {isa = PBXBuildFile; fileRef = CF38A145CE15C32F45EBB00D /* PandocLocator.swift */; };
		66B2E33AC24571E9D119C046 /* ChevronButton.swift in Sources */ = {isa = PBXBuildFile; fileRef = A4E5381EEA5442B073C96943 /* ChevronButton.swift */; };
		6906417635740343EE8F362A /* OutlineParserTests.swift in Sources */ = {isa = PBXBuildFile; fileRef = FDA7C9F1CFBE9EDB2C4D818C /* OutlineParserTests.swift */; };
		6BBC4709B786A0181888FC76 /* TestMode.swift in Sources */ = {isa = PBXBuildFile; fileRef = 349348AA5F221A0782421BDB /* TestMode.swift */; };
		6D12AEF734B0A4D7D05F681F /* FinalFinalApp.swift in Sources */ = {isa = PBXBuildFile; fileRef = FE24C13995368C23BC470A26 /* FinalFinalApp.swift */; };
		6DCDEAA6E72ACBE2572AA9F3 /* EditorViewState+Types.swift in Sources */ = {isa = PBXBuildFile; fileRef = 4841F7F108760152AC98A47B /* EditorViewState+Types.swift */; };
		71CD51886DBBD5690DD34F8E /* EditorTestHelper.swift in Sources */ = {isa = PBXBuildFile; fileRef = E73273BD2D10F6D5912C9778 /* EditorTestHelper.swift */; };
		72BC27601E99F37F134C760E /* AnnotationSyncService+Markdown.swift in Sources */ = {isa = PBXBuildFile; fileRef = 4C0F17548A3E883FD14975A0 /* AnnotationSyncService+Markdown.swift */; };
		75D604E7143573D4BFD533FD /* MilkdownEditor.swift in Sources */ = {isa = PBXBuildFile; fileRef = 7EEDC491836013F46E97FAE8 /* MilkdownEditor.swift */; };
		762C4F8744B0DB84218E14EF /* Database+Sections.swift in Sources */ = {isa = PBXBuildFile; fileRef = 5FD87E27CB1257814D589880 /* Database+Sections.swift */; };
		781C1DA25364AA396413E82F /* OutlineSidebar+DropDelegates.swift in Sources */ = {isa = PBXBuildFile; fileRef = 31937040D58CFFD751C3C45D /* OutlineSidebar+DropDelegates.swift */; };
		790667B521454C125B0FE74B /* ColorScheme.swift in Sources */ = {isa = PBXBuildFile; fileRef = 2AAD6FB6258FBF011A89ECFC /* ColorScheme.swift */; };
		79C23EF8EBD0D2FB15865C37 /* AppearanceSettings.swift in Sources */ = {isa = PBXBuildFile; fileRef = E614BA7EFA79C8EAF96B80C0 /* AppearanceSettings.swift */; };
		7A766FE31F56DB4FFCE73D8C /* VersionHistoryCoordinator.swift in Sources */ = {isa = PBXBuildFile; fileRef = 3BB70B8A6DD5904EC181116A /* VersionHistoryCoordinator.swift */; };
		7ACE3361E6A474E6D99062E1 /* ContentView.swift in Sources */ = {isa = PBXBuildFile; fileRef = 02E925EEE027AE829C229AAA /* ContentView.swift */; };
		7B043B707D6E83C7159BA2F9 /* SmokeTests.swift in Sources */ = {isa = PBXBuildFile; fileRef = 355B348D7655EE1EA841872D /* SmokeTests.swift */; };
		7DFBEF78C3DD381D347A324C /* Database+BlocksObservation.swift in Sources */ = {isa = PBXBuildFile; fileRef = 8787EE28839E44DAAF698741 /* Database+BlocksObservation.swift */; };
		7ECDA8650F5A11B84724DF8F /* EditorCommands.swift in Sources */ = {isa = PBXBuildFile; fileRef = 03BD491F2B87E03E136E9140 /* EditorCommands.swift */; };
		7F09171B841269E80B7A71A6 /* KeychainHelper.swift in Sources */ = {isa = PBXBuildFile; fileRef = 3E573D126ADEE441215EE597 /* KeychainHelper.swift */; };
		802A2E3DC7C417EF81173AF8 /* FullScreenManager.swift in Sources */ = {isa = PBXBuildFile; fileRef = DE4DE8D59CFC464F6E7D5123 /* FullScreenManager.swift */; };
		80DDD68802F44504ACF653A7 /* StringExtensions.swift in Sources */ = {isa = PBXBuildFile; fileRef = 10BA92FC730511D06959AEDB /* StringExtensions.swift */; };
		8384B00E2738A39290BDCB1B /* ThemeManager.swift in Sources */ = {isa = PBXBuildFile; fileRef = 27856E54C5B28F839E83F154 /* ThemeManager.swift */; };
		83EF38E6AD012B11C741891D /* OutlineFilterBar.swift in Sources */ = {isa = PBXBuildFile; fileRef = ABFC8351EA2CEE315AFD46C8 /* OutlineFilterBar.swift */; };
		84D6884875EFB8B07BD1C64C /* CitationCommands.swift in Sources */ = {isa = PBXBuildFile; fileRef = F9CFDC0132E6797F539579F0 /* CitationCommands.swift */; };
		852514D39E219CD8C349556A /* SpellCheckService.swift in Sources */ = {isa = PBXBuildFile; fileRef = CBEC345FCF94A399DA799342 /* SpellCheckService.swift */; };
		873F99F4E522EE5DD90C8AB2 /* EditorBridgeTests.swift in Sources */ = {isa = PBXBuildFile; fileRef = 4DB38C1663B804694C7D3D31 /* EditorBridgeTests.swift */; };
		88AB6DED4A2E398862C569CE /* ProjectPickerView.swift in Sources */ = {isa = PBXBuildFile; fileRef = FA8E40231CCB32EC98E3B48F /* ProjectPickerView.swift */; };
		8A96868113B77FF320A4AFB9 /* CSLItem.swift in Sources */ = {isa = PBXBuildFile; fileRef = B8D61CFAC6D761917B29935C /* CSLItem.swift */; };
		8B43E0C82C186ABDE79D9AE8 /* ViewCommands.swift in Sources */ = {isa = PBXBuildFile; fileRef = D678FA29904C6946CACDC1D6 /* ViewCommands.swift */; };
		8CC3FFE851C758FAF0E7DE9B /* BibliographySyncService.swift in Sources */ = {isa = PBXBuildFile; fileRef = ED9246FEA41F18BA08135B2F /* BibliographySyncService.swift */; };
		8DF608DC28695AC4BA728238 /* ExportCommands.swift in Sources */ = {isa = PBXBuildFile; fileRef = 55069760CD7C2E13C59E0E39 /* ExportCommands.swift */; };
		8F63B2FC4CF2B275394DBB02 /* DocumentManager+RecentProjects.swift in Sources */ = {isa = PBXBuildFile; fileRef = 4B4047E7D3F51B03731AAA62 /* DocumentManager+RecentProjects.swift */; };
		8FC2C94655683E0A57EE671F /* TinyTeX in Resources */ = {isa = PBXBuildFile; fileRef = 76CC075151A2E6342FFE523E /* TinyTeX */; };
		90566734810E75E47CEF710E /* MarkdownUtils.swift in Sources */ = {isa = PBXBuildFile; fileRef = 7C20C6E92294CD47FFE7539F /* MarkdownUtils.swift */; };
		914908877FE1D091C7241247 /* TestFixtureFactory.swift in Sources */ = {isa = PBXBuildFile; fileRef = 93141FCBB4923D0F28E8C236 /* TestFixtureFactory.swift */; };
		91DF49BFF5C5AD124AE4A15E /* Export in Resources */ = {isa = PBXBuildFile; fileRef = 8C997BC2679C3F7349B8B7E8 /* Export */; };
		92F44EAF2040D7CE3568BA8C /* EditorPreloader.swift in Sources */ = {isa = PBXBuildFile; fileRef = 1EC960E239AB6BAACD5BC0A3 /* EditorPreloader.swift */; };
		935EE522B76AA7CB3B141E6B /* SectionSyncService+Parsing.swift in Sources */ = {isa = PBXBuildFile; fileRef = 5BE4605C3214124AFB7C06FB /* SectionSyncService+Parsing.swift */; };
		95DA16BD31941C5CD424F43D /* ProjectRepairService.swift in Sources */ = {isa = PBXBuildFile; fileRef = 437CEEF39F4832F82656EC15 /* ProjectRepairService.swift */; };
		96AAAAB0F5740611297C2880 /* OutlineSidebar+Components.swift in Sources */ = {isa = PBXBuildFile; fileRef = 0513B2CBDCA0C3202CEDE7E4 /* OutlineSidebar+Components.swift */; };
		9E8D8F33D47F7001D135296C /* ZoteroService.swift in Sources */ = {isa = PBXBuildFile; fileRef = E16909CB53D2BCFD8CC1B0BF /* ZoteroService.swift */; };
		9E99C57C2D8101B560301BAE /* BlockParser.swift in Sources */ = {isa = PBXBuildFile; fileRef = A0EE6A723C923D316B9CE89C /* BlockParser.swift */; };
		9F8A84E5700503E3140BB6AC /* Database+Blocks.swift in Sources */ = {isa = PBXBuildFile; fileRef = 3B8BDB22DF0AC3535250A72E /* Database+Blocks.swift */; };
		A260B9AEA58D00DA58E332AD /* content.sqlite in Resources */ = {isa = PBXBuildFile; fileRef = 342DA0CDD64AC4355DCB9DA7 /* content.sqlite */; };
		A36206EB02FE6CAD10AC3076 /* ZoteroService+CAYW.swift in Sources */ = {isa = PBXBuildFile; fileRef = 6E8F8EC247BCC5E3E00BA145 /* ZoteroService+CAYW.swift */; };
		A63A6CAA68FA3A786C2E8B9F /* EditorViewState+Zoom.swift in Sources */ = {isa = PBXBuildFile; fileRef = D7CDE9D1D9ECA8A2C882564D /* EditorViewState+Zoom.swift */; };
		A7328C5CF075FEF4898B1803 /* OutlineSidebar+Models.swift in Sources */ = {isa = PBXBuildFile; fileRef = B590B43C3202D0C1BF230EFA /* OutlineSidebar+Models.swift */; };
		A7F047CACD5338BFF13C8336 /* OutlineNode.swift in Sources */ = {isa = PBXBuildFile; fileRef = CF113F2ADAA8371F7C810BF0 /* OutlineNode.swift */; };
		A882A9761FB7DBA60CE42F93 /* ProjectRepairServiceTests+AdvancedScenarios.swift in Sources */ = {isa = PBXBuildFile; fileRef = 55FB874281AB62837401C32A /* ProjectRepairServiceTests+AdvancedScenarios.swift */; };
		ABB3B86E925FF4196F579E31 /* FindBarState.swift in Sources */ = {isa = PBXBuildFile; fileRef = 574D4E2E57B58CBB3CCCA8B1 /* FindBarState.swift */; };
		AC04D7D64FA25ADC4D649125 /* ProjectIntegrityChecker.swift in Sources */ = {isa = PBXBuildFile; fileRef = A12F8033BDC1E3ED37C83195 /* ProjectIntegrityChecker.swift */; };
		AC1816323A52499CA6DCFD2A /* SectionReconciler.swift in Sources */ = {isa = PBXBuildFile; fileRef = 61DE6BB00F5D1EF8A75439EB /* SectionReconciler.swift */; };
		ACAF912B9BF42D9FD97B82C2 /* Database+CRUD.swift in Sources */ = {isa = PBXBuildFile; fileRef = 13133CB5518EA086A3120EDE /* Database+CRUD.swift */; };
		AD8451C7428BC1E2016746D1 /* StatusBar.swift in Sources */ = {isa = PBXBuildFile; fileRef = BF41CB39EB2C5BD4E30A2CDA /* StatusBar.swift */; };
		B170D8E5C33C7D7D14A350D4 /* AnnotationSyncService.swift in Sources */ = {isa = PBXBuildFile; fileRef = 6253961779E064C92D1B172E /* AnnotationSyncService.swift */; };
		B17C6E9C011435B07C9EFF38 /* editor in Resources */ = {isa = PBXBuildFile; fileRef = 80D86FAB5657E30D2DC86655 /* editor */; };
		B2F771834247C01B57FEE863 /* PreferencesView+Presets.swift in Sources */ = {isa = PBXBuildFile; fileRef = 84C5212CE3DA7F15153B8897 /* PreferencesView+Presets.swift */; };
		B87F92C053B192CE869087C1 /* GoalColorSettings.swift in Sources */ = {isa = PBXBuildFile; fileRef = A253238E869E099DD21CF7DE /* GoalColorSettings.swift */; };
		BF3262499946BF393105A3F8 /* ProofingProvider.swift in Sources */ = {isa = PBXBuildFile; fileRef = AB67FDEBDA369B54F8FED127 /* ProofingProvider.swift */; };
		C3333CCD923C6BDE144086D9 /* AnnotationViewModel.swift in Sources */ = {isa = PBXBuildFile; fileRef = B220BEC12CB629DCB165D755 /* AnnotationViewModel.swift */; };
		C63065FEE9261025A22945D6 /* Fixtures in Resources */ = {isa = PBXBuildFile; fileRef = 6D1C9C394433400E8BE7F59C /* Fixtures */; };
		C6B9E151FB9DD711E72960B8 /* ViewNotificationModifiers.swift in Sources */ = {isa = PBXBuildFile; fileRef = E673DA14AB0CE672FD60FB47 /* ViewNotificationModifiers.swift */; };
		CB678DCC05EA528F1C7CF6CF /* NativeToolbarButton.swift in Sources */ = {isa = PBXBuildFile; fileRef = B1679600B9A0C29D5BB56601 /* NativeToolbarButton.swift */; };
		CE292E2BCF5617C406CA10FB /* AutoBackupService.swift in Sources */ = {isa = PBXBuildFile; fileRef = 2B7205FC48760A149A8B0BF8 /* AutoBackupService.swift */; };
		D0208FE27BA4FBD4AADFD905 /* SectionCardView.swift in Sources */ = {isa = PBXBuildFile; fileRef = 92AF8BACE222B0C414BF2E8C /* SectionCardView.swift */; };
		D1576467EE827142AA4F49BE /* ProjectStore.swift in Sources */ = {isa = PBXBuildFile; fileRef = D567C1445BFF0160D8410001 /* ProjectStore.swift */; };
		D30B35EAC392DBFD98D4C432 /* IntegrityAlertView.swift in Sources */ = {isa = PBXBuildFile; fileRef = 64284CE23032DBF7F70EFE87 /* IntegrityAlertView.swift */; };
		D3927D5FD341BF8E01C931A9 /* FixtureGeneratorTests.swift in Sources */ = {isa = PBXBuildFile; fileRef = 9A6B768093BB98E0220CDC6C /* FixtureGeneratorTests.swift */; };
		D3FF566198A11C644E49B4D8 /* EditorViewState+FocusMode.swift in Sources */ = {isa = PBXBuildFile; fileRef = DBBD3F44DAC64E5BDF50919F /* EditorViewState+FocusMode.swift */; };
		D6A0D3C2D59070E808EFA6C9 /* ProjectPackage.swift in Sources */ = {isa = PBXBuildFile; fileRef = 734874328EB5518EAC0C2517 /* ProjectPackage.swift */; };
		D7D157CF0D11B4297B531B0D /* VersionHistorySheet.swift in Sources */ = {isa = PBXBuildFile; fileRef = ADDBB952E065FAA3EC8B0789 /* VersionHistorySheet.swift */; };
		E028FEF9DCA9E380AE542AF2 /* RecentProject.swift in Sources */ = {isa = PBXBuildFile; fileRef = 87363EA3909D1FDA8BFDB5F1 /* RecentProject.swift */; };
		E2936B1395E60EDCD0D14969 /* CodeMirrorCoordinator+Handlers.swift in Sources */ = {isa = PBXBuildFile; fileRef = 47F42FEEB5EFB471BDEDB2DB /* CodeMirrorCoordinator+Handlers.swift */; };
		E46A01D58B8F56C1034EB422 /* Snapshot.swift in Sources */ = {isa = PBXBuildFile; fileRef = 87F00396843D1E0300C1624A /* Snapshot.swift */; };
		E46F3ED58DA8FEDB5213C283 /* AnnotationCardView.swift in Sources */ = {isa = PBXBuildFile; fileRef = 5903AE3511C621FF3093E3C9 /* AnnotationCardView.swift */; };
		ECA17134BABE98C9FC75300F /* MilkdownCoordinator+MessageHandlers.swift in Sources */ = {isa = PBXBuildFile; fileRef = 594727DD6667897CC1A2A75A /* MilkdownCoordinator+MessageHandlers.swift */; };
		F0A005E8C501B38A29B52152 /* HelpCommands.swift in Sources */ = {isa = PBXBuildFile; fileRef = 5A8A74453B2CB08623CDE2B4 /* HelpCommands.swift */; };
		F0FB047FF7AE11991447AF4E /* SnapshotService.swift in Sources */ = {isa = PBXBuildFile; fileRef = CB51F453D350DBA8D3632F22 /* SnapshotService.swift */; };
		F3E0E97819FBC94E889BD2E8 /* ProofingSettings.swift in Sources */ = {isa = PBXBuildFile; fileRef = 018453199CEAFE2FCD69DCBD /* ProofingSettings.swift */; };
		F59EF64CCCF90C58F831BC04 /* RadixScales.swift in Sources */ = {isa = PBXBuildFile; fileRef = 1C9A6AA1550623CEDFA4ACB8 /* RadixScales.swift */; };
		F950696D89BC55EE10A6A5A4 /* PreferencesView+Actions.swift in Sources */ = {isa = PBXBuildFile; fileRef = A97DAA603C9EB29DE79FB8EB /* PreferencesView+Actions.swift */; };
		FA5C8D9CA08A0BB702BD0C7B /* HashBar.swift in Sources */ = {isa = PBXBuildFile; fileRef = 0CEC9B25AB24040A17CC1589 /* HashBar.swift */; };
		FA6E217F7950A15AEDE69960 /* AnnotationPanel.swift in Sources */ = {isa = PBXBuildFile; fileRef = CC5B8A956E441E29032AE5F9 /* AnnotationPanel.swift */; };
		FF68398B6345837AE88A9AB1 /* ProjectRepairServiceTests.swift in Sources */ = {isa = PBXBuildFile; fileRef = E2BEC2E8F18731A82D861A36 /* ProjectRepairServiceTests.swift */; };
/* End PBXBuildFile section */

/* Begin PBXContainerItemProxy section */
		85A3B3E0AB1C74B3DD84AF0C /* PBXContainerItemProxy */ = {
			isa = PBXContainerItemProxy;
			containerPortal = F0BAF9FF1D366B40F0176899 /* Project object */;
			proxyType = 1;
			remoteGlobalIDString = 4A3B93CDDB27C36925E7EC59;
			remoteInfo = "final final";
		};
		E9D6219838BBB44E7B87DA90 /* PBXContainerItemProxy */ = {
			isa = PBXContainerItemProxy;
			containerPortal = F0BAF9FF1D366B40F0176899 /* Project object */;
			proxyType = 1;
			remoteGlobalIDString = 4A3B93CDDB27C36925E7EC59;
			remoteInfo = "final final";
		};
/* End PBXContainerItemProxy section */

/* Begin PBXFileReference section */
		018453199CEAFE2FCD69DCBD /* ProofingSettings.swift */ = {isa = PBXFileReference; lastKnownFileType = sourcecode.swift; path = ProofingSettings.swift; sourceTree = "<group>"; };
		02E925EEE027AE829C229AAA /* ContentView.swift */ = {isa = PBXFileReference; lastKnownFileType = sourcecode.swift; path = ContentView.swift; sourceTree = "<group>"; };
		03BD491F2B87E03E136E9140 /* EditorCommands.swift */ = {isa = PBXFileReference; lastKnownFileType = sourcecode.swift; path = EditorCommands.swift; sourceTree = "<group>"; };
		049B00CFA6C19B14553937F3 /* SectionTypography.swift */ = {isa = PBXFileReference; lastKnownFileType = sourcecode.swift; path = SectionTypography.swift; sourceTree = "<group>"; };
		0513B2CBDCA0C3202CEDE7E4 /* OutlineSidebar+Components.swift */ = {isa = PBXFileReference; lastKnownFileType = sourcecode.swift; path = "OutlineSidebar+Components.swift"; sourceTree = "<group>"; };
		07DB82121B58A51D0946666A /* ContentView+ProjectLifecycle.swift */ = {isa = PBXFileReference; lastKnownFileType = sourcecode.swift; path = "ContentView+ProjectLifecycle.swift"; sourceTree = "<group>"; };
		0CEC9B25AB24040A17CC1589 /* HashBar.swift */ = {isa = PBXFileReference; lastKnownFileType = sourcecode.swift; path = HashBar.swift; sourceTree = "<group>"; };
		0E843650744C2F13D1618667 /* FinalFinalTests.swift */ = {isa = PBXFileReference; lastKnownFileType = sourcecode.swift; path = FinalFinalTests.swift; sourceTree = "<group>"; };
		0F398C30DDF6EB57FF14A96D /* ContentView+SectionManagement.swift */ = {isa = PBXFileReference; lastKnownFileType = sourcecode.swift; path = "ContentView+SectionManagement.swift"; sourceTree = "<group>"; };
		109DDCE3DD312B1666618AD5 /* Info.plist */ = {isa = PBXFileReference; lastKnownFileType = text.plist; path = Info.plist; sourceTree = "<group>"; };
		10BA92FC730511D06959AEDB /* StringExtensions.swift */ = {isa = PBXFileReference; lastKnownFileType = sourcecode.swift; path = StringExtensions.swift; sourceTree = "<group>"; };
		13133CB5518EA086A3120EDE /* Database+CRUD.swift */ = {isa = PBXFileReference; lastKnownFileType = sourcecode.swift; path = "Database+CRUD.swift"; sourceTree = "<group>"; };
		1C9A6AA1550623CEDFA4ACB8 /* RadixScales.swift */ = {isa = PBXFileReference; lastKnownFileType = sourcecode.swift; path = RadixScales.swift; sourceTree = "<group>"; };
		1EC960E239AB6BAACD5BC0A3 /* EditorPreloader.swift */ = {isa = PBXFileReference; lastKnownFileType = sourcecode.swift; path = EditorPreloader.swift; sourceTree = "<group>"; };
		2070D9DD040736953F1CAA08 /* ZoteroChecker.swift */ = {isa = PBXFileReference; lastKnownFileType = sourcecode.swift; path = ZoteroChecker.swift; sourceTree = "<group>"; };
		27856E54C5B28F839E83F154 /* ThemeManager.swift */ = {isa = PBXFileReference; lastKnownFileType = sourcecode.swift; path = ThemeManager.swift; sourceTree = "<group>"; };
		2892EEB9AB8A127B61B8B1D8 /* MilkdownCoordinator+Content.swift */ = {isa = PBXFileReference; lastKnownFileType = sourcecode.swift; path = "MilkdownCoordinator+Content.swift"; sourceTree = "<group>"; };
		2AAD6FB6258FBF011A89ECFC /* ColorScheme.swift */ = {isa = PBXFileReference; lastKnownFileType = sourcecode.swift; path = ColorScheme.swift; sourceTree = "<group>"; };
		2B7205FC48760A149A8B0BF8 /* AutoBackupService.swift */ = {isa = PBXFileReference; lastKnownFileType = sourcecode.swift; path = AutoBackupService.swift; sourceTree = "<group>"; };
		31937040D58CFFD751C3C45D /* OutlineSidebar+DropDelegates.swift */ = {isa = PBXFileReference; lastKnownFileType = sourcecode.swift; path = "OutlineSidebar+DropDelegates.swift"; sourceTree = "<group>"; };
		31C89F3A4269349290CD8F03 /* EditorViewState.swift */ = {isa = PBXFileReference; lastKnownFileType = sourcecode.swift; path = EditorViewState.swift; sourceTree = "<group>"; };
		342DA0CDD64AC4355DCB9DA7 /* content.sqlite */ = {isa = PBXFileReference; lastKnownFileType = file; path = content.sqlite; sourceTree = "<group>"; };
		349348AA5F221A0782421BDB /* TestMode.swift */ = {isa = PBXFileReference; lastKnownFileType = sourcecode.swift; path = TestMode.swift; sourceTree = "<group>"; };
		355B348D7655EE1EA841872D /* SmokeTests.swift */ = {isa = PBXFileReference; lastKnownFileType = sourcecode.swift; path = SmokeTests.swift; sourceTree = "<group>"; };
		36487B030EB59318DB746D86 /* ThemeCommands.swift */ = {isa = PBXFileReference; lastKnownFileType = sourcecode.swift; path = ThemeCommands.swift; sourceTree = "<group>"; };
		3A530A55D9265E47C5CF4EB3 /* LanguageToolProvider.swift */ = {isa = PBXFileReference; lastKnownFileType = sourcecode.swift; path = LanguageToolProvider.swift; sourceTree = "<group>"; };
		3B4388FBF61DA9C85D7AB27E /* DocumentManager+GettingStarted.swift */ = {isa = PBXFileReference; lastKnownFileType = sourcecode.swift; path = "DocumentManager+GettingStarted.swift"; sourceTree = "<group>"; };
		3B8BDB22DF0AC3535250A72E /* Database+Blocks.swift */ = {isa = PBXFileReference; lastKnownFileType = sourcecode.swift; path = "Database+Blocks.swift"; sourceTree = "<group>"; };
		3BB70B8A6DD5904EC181116A /* VersionHistoryCoordinator.swift */ = {isa = PBXFileReference; lastKnownFileType = sourcecode.swift; path = VersionHistoryCoordinator.swift; sourceTree = "<group>"; };
		3E573D126ADEE441215EE597 /* KeychainHelper.swift */ = {isa = PBXFileReference; lastKnownFileType = sourcecode.swift; path = KeychainHelper.swift; sourceTree = "<group>"; };
		403B8E649101EE81EC675619 /* VersionHistorySheet+Actions.swift */ = {isa = PBXFileReference; lastKnownFileType = sourcecode.swift; path = "VersionHistorySheet+Actions.swift"; sourceTree = "<group>"; };
		437CEEF39F4832F82656EC15 /* ProjectRepairService.swift */ = {isa = PBXFileReference; lastKnownFileType = sourcecode.swift; path = ProjectRepairService.swift; sourceTree = "<group>"; };
		44DE11B8C0AD43E4C7DA35BF /* DocumentManager.swift */ = {isa = PBXFileReference; lastKnownFileType = sourcecode.swift; path = DocumentManager.swift; sourceTree = "<group>"; };
		45FDCE8CF47C69A854217FB7 /* ProofingPreferencesPane.swift */ = {isa = PBXFileReference; lastKnownFileType = sourcecode.swift; path = ProofingPreferencesPane.swift; sourceTree = "<group>"; };
		47F42FEEB5EFB471BDEDB2DB /* CodeMirrorCoordinator+Handlers.swift */ = {isa = PBXFileReference; lastKnownFileType = sourcecode.swift; path = "CodeMirrorCoordinator+Handlers.swift"; sourceTree = "<group>"; };
		4841F7F108760152AC98A47B /* EditorViewState+Types.swift */ = {isa = PBXFileReference; lastKnownFileType = sourcecode.swift; path = "EditorViewState+Types.swift"; sourceTree = "<group>"; };
		4B4047E7D3F51B03731AAA62 /* DocumentManager+RecentProjects.swift */ = {isa = PBXFileReference; lastKnownFileType = sourcecode.swift; path = "DocumentManager+RecentProjects.swift"; sourceTree = "<group>"; };
		4BE2C3C3ABC2BC1990C2AC24 /* BlockSyncService.swift */ = {isa = PBXFileReference; lastKnownFileType = sourcecode.swift; path = BlockSyncService.swift; sourceTree = "<group>"; };
		4C0F17548A3E883FD14975A0 /* AnnotationSyncService+Markdown.swift */ = {isa = PBXFileReference; lastKnownFileType = sourcecode.swift; path = "AnnotationSyncService+Markdown.swift"; sourceTree = "<group>"; };
		4DB38C1663B804694C7D3D31 /* EditorBridgeTests.swift */ = {isa = PBXFileReference; lastKnownFileType = sourcecode.swift; path = EditorBridgeTests.swift; sourceTree = "<group>"; };
		4E15DA17E982BE8595CD07FE /* Block.swift */ = {isa = PBXFileReference; lastKnownFileType = sourcecode.swift; path = Block.swift; sourceTree = "<group>"; };
		4F774D004F48293691E2241C /* StatusDot.swift */ = {isa = PBXFileReference; lastKnownFileType = sourcecode.swift; path = StatusDot.swift; sourceTree = "<group>"; };
		540DB80C2488D249796ABEAA /* Assets.xcassets */ = {isa = PBXFileReference; lastKnownFileType = folder.assetcatalog; path = Assets.xcassets; sourceTree = "<group>"; };
		54B0DE603A99327D920573B6 /* Document.swift */ = {isa = PBXFileReference; lastKnownFileType = sourcecode.swift; path = Document.swift; sourceTree = "<group>"; };
		55069760CD7C2E13C59E0E39 /* ExportCommands.swift */ = {isa = PBXFileReference; lastKnownFileType = sourcecode.swift; path = ExportCommands.swift; sourceTree = "<group>"; };
		55FB874281AB62837401C32A /* ProjectRepairServiceTests+AdvancedScenarios.swift */ = {isa = PBXFileReference; lastKnownFileType = sourcecode.swift; path = "ProjectRepairServiceTests+AdvancedScenarios.swift"; sourceTree = "<group>"; };
		5741EAE0DDD338AB4D025101 /* final final.app */ = {isa = PBXFileReference; explicitFileType = wrapper.application; includeInIndex = 0; path = "final final.app"; sourceTree = BUILT_PRODUCTS_DIR; };
		574D4E2E57B58CBB3CCCA8B1 /* FindBarState.swift */ = {isa = PBXFileReference; lastKnownFileType = sourcecode.swift; path = FindBarState.swift; sourceTree = "<group>"; };
		5902C341D97A143E13EC44CA /* Database+BlocksReorder.swift */ = {isa = PBXFileReference; lastKnownFileType = sourcecode.swift; path = "Database+BlocksReorder.swift"; sourceTree = "<group>"; };
		5903AE3511C621FF3093E3C9 /* AnnotationCardView.swift */ = {isa = PBXFileReference; lastKnownFileType = sourcecode.swift; path = AnnotationCardView.swift; sourceTree = "<group>"; };
		594727DD6667897CC1A2A75A /* MilkdownCoordinator+MessageHandlers.swift */ = {isa = PBXFileReference; lastKnownFileType = sourcecode.swift; path = "MilkdownCoordinator+MessageHandlers.swift"; sourceTree = "<group>"; };
		5A1E8A83A78A7909AA1289DB /* OutlineParser.swift */ = {isa = PBXFileReference; lastKnownFileType = sourcecode.swift; path = OutlineParser.swift; sourceTree = "<group>"; };
		5A8A74453B2CB08623CDE2B4 /* HelpCommands.swift */ = {isa = PBXFileReference; lastKnownFileType = sourcecode.swift; path = HelpCommands.swift; sourceTree = "<group>"; };
		5AC92738325B26E686EFFCF3 /* getting-started.md */ = {isa = PBXFileReference; lastKnownFileType = net.daringfireball.markdown; path = "getting-started.md"; sourceTree = "<group>"; };
		5BE4605C3214124AFB7C06FB /* SectionSyncService+Parsing.swift */ = {isa = PBXFileReference; lastKnownFileType = sourcecode.swift; path = "SectionSyncService+Parsing.swift"; sourceTree = "<group>"; };
		5F9E113796E1D22FF7D8AB97 /* SectionSyncService+Anchors.swift */ = {isa = PBXFileReference; lastKnownFileType = sourcecode.swift; path = "SectionSyncService+Anchors.swift"; sourceTree = "<group>"; };
		5FD87E27CB1257814D589880 /* Database+Sections.swift */ = {isa = PBXFileReference; lastKnownFileType = sourcecode.swift; path = "Database+Sections.swift"; sourceTree = "<group>"; };
		61DE6BB00F5D1EF8A75439EB /* SectionReconciler.swift */ = {isa = PBXFileReference; lastKnownFileType = sourcecode.swift; path = SectionReconciler.swift; sourceTree = "<group>"; };
		6253961779E064C92D1B172E /* AnnotationSyncService.swift */ = {isa = PBXFileReference; lastKnownFileType = sourcecode.swift; path = AnnotationSyncService.swift; sourceTree = "<group>"; };
		64284CE23032DBF7F70EFE87 /* IntegrityAlertView.swift */ = {isa = PBXFileReference; lastKnownFileType = sourcecode.swift; path = IntegrityAlertView.swift; sourceTree = "<group>"; };
		646D666F8FB90F4CDCFF356E /* ExportViewModel.swift */ = {isa = PBXFileReference; lastKnownFileType = sourcecode.swift; path = ExportViewModel.swift; sourceTree = "<group>"; };
		65E7386521E240F08687F38B /* TagPillView.swift */ = {isa = PBXFileReference; lastKnownFileType = sourcecode.swift; path = TagPillView.swift; sourceTree = "<group>"; };
		6AD4BB30F275702838E8D3F8 /* AppDelegate.swift */ = {isa = PBXFileReference; lastKnownFileType = sourcecode.swift; path = AppDelegate.swift; sourceTree = "<group>"; };
		6BDEEE9C10B3CB00393F7E53 /* VersionHistoryWindow.swift */ = {isa = PBXFileReference; lastKnownFileType = sourcecode.swift; path = VersionHistoryWindow.swift; sourceTree = "<group>"; };
		6C4FC97301C1F22A1D569F41 /* final final.entitlements */ = {isa = PBXFileReference; lastKnownFileType = text.plist.entitlements; path = "final final.entitlements"; sourceTree = "<group>"; };
		6C65021F994002F139C1184C /* ExportService.swift */ = {isa = PBXFileReference; lastKnownFileType = sourcecode.swift; path = ExportService.swift; sourceTree = "<group>"; };
		6D1C9C394433400E8BE7F59C /* Fixtures */ = {isa = PBXFileReference; lastKnownFileType = folder; name = Fixtures; path = "final finalTests/Fixtures"; sourceTree = SOURCE_ROOT; };
		6E07FED1E8BB1958EF4F04CF /* Database+Snapshots.swift */ = {isa = PBXFileReference; lastKnownFileType = sourcecode.swift; path = "Database+Snapshots.swift"; sourceTree = "<group>"; };
		6E8F8EC247BCC5E3E00BA145 /* ZoteroService+CAYW.swift */ = {isa = PBXFileReference; lastKnownFileType = sourcecode.swift; path = "ZoteroService+CAYW.swift"; sourceTree = "<group>"; };
		728F6240519F3BDA2753E515 /* Database+Annotations.swift */ = {isa = PBXFileReference; lastKnownFileType = sourcecode.swift; path = "Database+Annotations.swift"; sourceTree = "<group>"; };
		7311920CB617B184B124B6F4 /* Annotation.swift */ = {isa = PBXFileReference; lastKnownFileType = sourcecode.swift; path = Annotation.swift; sourceTree = "<group>"; };
		734874328EB5518EAC0C2517 /* ProjectPackage.swift */ = {isa = PBXFileReference; lastKnownFileType = sourcecode.swift; path = ProjectPackage.swift; sourceTree = "<group>"; };
		73EA833CAD13B84DA71C0544 /* CodeMirrorEditor.swift */ = {isa = PBXFileReference; lastKnownFileType = sourcecode.swift; path = CodeMirrorEditor.swift; sourceTree = "<group>"; };
		75B3D65D281D81B769D7DF96 /* OutlineSidebar.swift */ = {isa = PBXFileReference; lastKnownFileType = sourcecode.swift; path = OutlineSidebar.swift; sourceTree = "<group>"; };
		76CC075151A2E6342FFE523E /* TinyTeX */ = {isa = PBXFileReference; lastKnownFileType = folder; name = TinyTeX; path = "final final/Resources/TinyTeX"; sourceTree = SOURCE_ROOT; };
		788D4C2FB2475A38D3477A97 /* final finalTests.xctest */ = {isa = PBXFileReference; explicitFileType = wrapper.cfbundle; includeInIndex = 0; path = "final finalTests.xctest"; sourceTree = BUILT_PRODUCTS_DIR; };
		7C20C6E92294CD47FFE7539F /* MarkdownUtils.swift */ = {isa = PBXFileReference; lastKnownFileType = sourcecode.swift; path = MarkdownUtils.swift; sourceTree = "<group>"; };
		7EEDC491836013F46E97FAE8 /* MilkdownEditor.swift */ = {isa = PBXFileReference; lastKnownFileType = sourcecode.swift; path = MilkdownEditor.swift; sourceTree = "<group>"; };
		8022FED1E4C6607CD01857B7 /* RadixScales+Semantic.swift */ = {isa = PBXFileReference; lastKnownFileType = sourcecode.swift; path = "RadixScales+Semantic.swift"; sourceTree = "<group>"; };
		80D86FAB5657E30D2DC86655 /* editor */ = {isa = PBXFileReference; lastKnownFileType = folder; name = editor; path = "final final/Resources/editor"; sourceTree = SOURCE_ROOT; };
		84C5212CE3DA7F15153B8897 /* PreferencesView+Presets.swift */ = {isa = PBXFileReference; lastKnownFileType = sourcecode.swift; path = "PreferencesView+Presets.swift"; sourceTree = "<group>"; };
		87026C4D0F2AEB394A0A85D9 /* PreferencesView.swift */ = {isa = PBXFileReference; lastKnownFileType = sourcecode.swift; path = PreferencesView.swift; sourceTree = "<group>"; };
		87363EA3909D1FDA8BFDB5F1 /* RecentProject.swift */ = {isa = PBXFileReference; lastKnownFileType = sourcecode.swift; path = RecentProject.swift; sourceTree = "<group>"; };
		8787EE28839E44DAAF698741 /* Database+BlocksObservation.swift */ = {isa = PBXFileReference; lastKnownFileType = sourcecode.swift; path = "Database+BlocksObservation.swift"; sourceTree = "<group>"; };
		87F00396843D1E0300C1624A /* Snapshot.swift */ = {isa = PBXFileReference; lastKnownFileType = sourcecode.swift; path = Snapshot.swift; sourceTree = "<group>"; };
		8C997BC2679C3F7349B8B7E8 /* Export */ = {isa = PBXFileReference; lastKnownFileType = folder; name = Export; path = "final final/Resources/Export"; sourceTree = SOURCE_ROOT; };
		92AF8BACE222B0C414BF2E8C /* SectionCardView.swift */ = {isa = PBXFileReference; lastKnownFileType = sourcecode.swift; path = SectionCardView.swift; sourceTree = "<group>"; };
		93141FCBB4923D0F28E8C236 /* TestFixtureFactory.swift */ = {isa = PBXFileReference; lastKnownFileType = sourcecode.swift; path = TestFixtureFactory.swift; sourceTree = "<group>"; };
		944062D49633F32557CC7161 /* DocumentPreviewView.swift */ = {isa = PBXFileReference; lastKnownFileType = sourcecode.swift; path = DocumentPreviewView.swift; sourceTree = "<group>"; };
		97EBF329386AD7C3A261ACC6 /* ContentView+HierarchyEnforcement.swift */ = {isa = PBXFileReference; lastKnownFileType = sourcecode.swift; path = "ContentView+HierarchyEnforcement.swift"; sourceTree = "<group>"; };
		988DC867E52B507551B94D73 /* AnnotationFilterBar.swift */ = {isa = PBXFileReference; lastKnownFileType = sourcecode.swift; path = AnnotationFilterBar.swift; sourceTree = "<group>"; };
		9A6B768093BB98E0220CDC6C /* FixtureGeneratorTests.swift */ = {isa = PBXFileReference; lastKnownFileType = sourcecode.swift; path = FixtureGeneratorTests.swift; sourceTree = "<group>"; };
		9B422289970724FBD8F8FFDC /* FileCommands.swift */ = {isa = PBXFileReference; lastKnownFileType = sourcecode.swift; path = FileCommands.swift; sourceTree = "<group>"; };
		A0EE6A723C923D316B9CE89C /* BlockParser.swift */ = {isa = PBXFileReference; lastKnownFileType = sourcecode.swift; path = BlockParser.swift; sourceTree = "<group>"; };
		A12F8033BDC1E3ED37C83195 /* ProjectIntegrityChecker.swift */ = {isa = PBXFileReference; lastKnownFileType = sourcecode.swift; path = ProjectIntegrityChecker.swift; sourceTree = "<group>"; };
		A253238E869E099DD21CF7DE /* GoalColorSettings.swift */ = {isa = PBXFileReference; lastKnownFileType = sourcecode.swift; path = GoalColorSettings.swift; sourceTree = "<group>"; };
		A4E5381EEA5442B073C96943 /* ChevronButton.swift */ = {isa = PBXFileReference; lastKnownFileType = sourcecode.swift; path = ChevronButton.swift; sourceTree = "<group>"; };
		A97DAA603C9EB29DE79FB8EB /* PreferencesView+Actions.swift */ = {isa = PBXFileReference; lastKnownFileType = sourcecode.swift; path = "PreferencesView+Actions.swift"; sourceTree = "<group>"; };
		AB67FDEBDA369B54F8FED127 /* ProofingProvider.swift */ = {isa = PBXFileReference; lastKnownFileType = sourcecode.swift; path = ProofingProvider.swift; sourceTree = "<group>"; };
		ABFC8351EA2CEE315AFD46C8 /* OutlineFilterBar.swift */ = {isa = PBXFileReference; lastKnownFileType = sourcecode.swift; path = OutlineFilterBar.swift; sourceTree = "<group>"; };
		ADDBB952E065FAA3EC8B0789 /* VersionHistorySheet.swift */ = {isa = PBXFileReference; lastKnownFileType = sourcecode.swift; path = VersionHistorySheet.swift; sourceTree = "<group>"; };
		B09119DC4E9BBDC1E741006B /* GoalPreferencesPane.swift */ = {isa = PBXFileReference; lastKnownFileType = sourcecode.swift; path = GoalPreferencesPane.swift; sourceTree = "<group>"; };
		B1679600B9A0C29D5BB56601 /* NativeToolbarButton.swift */ = {isa = PBXFileReference; lastKnownFileType = sourcecode.swift; path = NativeToolbarButton.swift; sourceTree = "<group>"; };
		B188809C6D7BE7E2CB11C3A3 /* ExportSettings.swift */ = {isa = PBXFileReference; lastKnownFileType = sourcecode.swift; path = ExportSettings.swift; sourceTree = "<group>"; };
		B1CCD9944C68301C7B49A3FC /* final finalUITests.xctest */ = {isa = PBXFileReference; explicitFileType = wrapper.cfbundle; includeInIndex = 0; path = "final finalUITests.xctest"; sourceTree = BUILT_PRODUCTS_DIR; };
		B220BEC12CB629DCB165D755 /* AnnotationViewModel.swift */ = {isa = PBXFileReference; lastKnownFileType = sourcecode.swift; path = AnnotationViewModel.swift; sourceTree = "<group>"; };
		B590B43C3202D0C1BF230EFA /* OutlineSidebar+Models.swift */ = {isa = PBXFileReference; lastKnownFileType = sourcecode.swift; path = "OutlineSidebar+Models.swift"; sourceTree = "<group>"; };
		B8D61CFAC6D761917B29935C /* CSLItem.swift */ = {isa = PBXFileReference; lastKnownFileType = sourcecode.swift; path = CSLItem.swift; sourceTree = "<group>"; };
		B94BA0DFF06C7D3B1B7F38F5 /* DraggableCardView.swift */ = {isa = PBXFileReference; lastKnownFileType = sourcecode.swift; path = DraggableCardView.swift; sourceTree = "<group>"; };
		BC27954DE76B2ADD62BBFF00 /* Section.swift */ = {isa = PBXFileReference; lastKnownFileType = sourcecode.swift; path = Section.swift; sourceTree = "<group>"; };
		BEC20B55C260FCF5460E4E23 /* ExportPreferencesPane.swift */ = {isa = PBXFileReference; lastKnownFileType = sourcecode.swift; path = ExportPreferencesPane.swift; sourceTree = "<group>"; };
		BF41CB39EB2C5BD4E30A2CDA /* StatusBar.swift */ = {isa = PBXFileReference; lastKnownFileType = sourcecode.swift; path = StatusBar.swift; sourceTree = "<group>"; };
		C7DACB449A648403C7CCDD3F /* GitInfo.swift */ = {isa = PBXFileReference; lastKnownFileType = sourcecode.swift; path = GitInfo.swift; sourceTree = "<group>"; };
		C8498B4341C08418634FB2AC /* VersionHistoryWindow+Restore.swift */ = {isa = PBXFileReference; lastKnownFileType = sourcecode.swift; path = "VersionHistoryWindow+Restore.swift"; sourceTree = "<group>"; };
		CB51F453D350DBA8D3632F22 /* SnapshotService.swift */ = {isa = PBXFileReference; lastKnownFileType = sourcecode.swift; path = SnapshotService.swift; sourceTree = "<group>"; };
		CBEC345FCF94A399DA799342 /* SpellCheckService.swift */ = {isa = PBXFileReference; lastKnownFileType = sourcecode.swift; path = SpellCheckService.swift; sourceTree = "<group>"; };
		CC5B8A956E441E29032AE5F9 /* AnnotationPanel.swift */ = {isa = PBXFileReference; lastKnownFileType = sourcecode.swift; path = AnnotationPanel.swift; sourceTree = "<group>"; };
		CE36F17D91BD28DBE49E98F8 /* Typography.swift */ = {isa = PBXFileReference; lastKnownFileType = sourcecode.swift; path = Typography.swift; sourceTree = "<group>"; };
		CE6D9836DD14A789629A10CB /* EditorSchemeHandler.swift */ = {isa = PBXFileReference; lastKnownFileType = sourcecode.swift; path = EditorSchemeHandler.swift; sourceTree = "<group>"; };
		CF113F2ADAA8371F7C810BF0 /* OutlineNode.swift */ = {isa = PBXFileReference; lastKnownFileType = sourcecode.swift; path = OutlineNode.swift; sourceTree = "<group>"; };
		CF38A145CE15C32F45EBB00D /* PandocLocator.swift */ = {isa = PBXFileReference; lastKnownFileType = sourcecode.swift; path = PandocLocator.swift; sourceTree = "<group>"; };
		D13D076E04BD3B0EA34D5E26 /* FindBarView.swift */ = {isa = PBXFileReference; lastKnownFileType = sourcecode.swift; path = FindBarView.swift; sourceTree = "<group>"; };
		D567C1445BFF0160D8410001 /* ProjectStore.swift */ = {isa = PBXFileReference; lastKnownFileType = sourcecode.swift; path = ProjectStore.swift; sourceTree = "<group>"; };
		D678FA29904C6946CACDC1D6 /* ViewCommands.swift */ = {isa = PBXFileReference; lastKnownFileType = sourcecode.swift; path = ViewCommands.swift; sourceTree = "<group>"; };
		D7CDE9D1D9ECA8A2C882564D /* EditorViewState+Zoom.swift */ = {isa = PBXFileReference; lastKnownFileType = sourcecode.swift; path = "EditorViewState+Zoom.swift"; sourceTree = "<group>"; };
		DA881EDD8E51F372A2C980A5 /* UITestHelpers.swift */ = {isa = PBXFileReference; lastKnownFileType = sourcecode.swift; path = UITestHelpers.swift; sourceTree = "<group>"; };
		DBBD3F44DAC64E5BDF50919F /* EditorViewState+FocusMode.swift */ = {isa = PBXFileReference; lastKnownFileType = sourcecode.swift; path = "EditorViewState+FocusMode.swift"; sourceTree = "<group>"; };
		DDC88DC217831BA18037CB1B /* Database+BlocksWordCount.swift */ = {isa = PBXFileReference; lastKnownFileType = sourcecode.swift; path = "Database+BlocksWordCount.swift"; sourceTree = "<group>"; };
		DDC98D54901B8744835E5EF4 /* BuiltInProvider.swift */ = {isa = PBXFileReference; lastKnownFileType = sourcecode.swift; path = BuiltInProvider.swift; sourceTree = "<group>"; };
		DE4DE8D59CFC464F6E7D5123 /* FullScreenManager.swift */ = {isa = PBXFileReference; lastKnownFileType = sourcecode.swift; path = FullScreenManager.swift; sourceTree = "<group>"; };
		DFB3FE823FEA8DAD86CD01A9 /* ProjectDatabase.swift */ = {isa = PBXFileReference; lastKnownFileType = sourcecode.swift; path = ProjectDatabase.swift; sourceTree = "<group>"; };
		E16909CB53D2BCFD8CC1B0BF /* ZoteroService.swift */ = {isa = PBXFileReference; lastKnownFileType = sourcecode.swift; path = ZoteroService.swift; sourceTree = "<group>"; };
		E2BEC2E8F18731A82D861A36 /* ProjectRepairServiceTests.swift */ = {isa = PBXFileReference; lastKnownFileType = sourcecode.swift; path = ProjectRepairServiceTests.swift; sourceTree = "<group>"; };
		E614BA7EFA79C8EAF96B80C0 /* AppearanceSettings.swift */ = {isa = PBXFileReference; lastKnownFileType = sourcecode.swift; path = AppearanceSettings.swift; sourceTree = "<group>"; };
		E673DA14AB0CE672FD60FB47 /* ViewNotificationModifiers.swift */ = {isa = PBXFileReference; lastKnownFileType = sourcecode.swift; path = ViewNotificationModifiers.swift; sourceTree = "<group>"; };
		E73273BD2D10F6D5912C9778 /* EditorTestHelper.swift */ = {isa = PBXFileReference; lastKnownFileType = sourcecode.swift; path = EditorTestHelper.swift; sourceTree = "<group>"; };
		E856C7AE9A5FD0C74735140C /* ContentView+ContentRebuilding.swift */ = {isa = PBXFileReference; lastKnownFileType = sourcecode.swift; path = "ContentView+ContentRebuilding.swift"; sourceTree = "<group>"; };
		E99D04B51EB859A1BD1A73BB /* VersionListView.swift */ = {isa = PBXFileReference; lastKnownFileType = sourcecode.swift; path = VersionListView.swift; sourceTree = "<group>"; };
		E9A8D79672E775EA73854D93 /* Database.swift */ = {isa = PBXFileReference; lastKnownFileType = sourcecode.swift; path = Database.swift; sourceTree = "<group>"; };
		EA5B65E36E0BB3661A7CE09A /* SectionSyncService.swift */ = {isa = PBXFileReference; lastKnownFileType = sourcecode.swift; path = SectionSyncService.swift; sourceTree = "<group>"; };
		ED9246FEA41F18BA08135B2F /* BibliographySyncService.swift */ = {isa = PBXFileReference; lastKnownFileType = sourcecode.swift; path = BibliographySyncService.swift; sourceTree = "<group>"; };
		F37D8109D489C3EF73C167C0 /* RadixScales+Custom.swift */ = {isa = PBXFileReference; lastKnownFileType = sourcecode.swift; path = "RadixScales+Custom.swift"; sourceTree = "<group>"; };
		F9CFDC0132E6797F539579F0 /* CitationCommands.swift */ = {isa = PBXFileReference; lastKnownFileType = sourcecode.swift; path = CitationCommands.swift; sourceTree = "<group>"; };
		FA8E40231CCB32EC98E3B48F /* ProjectPickerView.swift */ = {isa = PBXFileReference; lastKnownFileType = sourcecode.swift; path = ProjectPickerView.swift; sourceTree = "<group>"; };
		FDA7C9F1CFBE9EDB2C4D818C /* OutlineParserTests.swift */ = {isa = PBXFileReference; lastKnownFileType = sourcecode.swift; path = OutlineParserTests.swift; sourceTree = "<group>"; };
		FE24C13995368C23BC470A26 /* FinalFinalApp.swift */ = {isa = PBXFileReference; lastKnownFileType = sourcecode.swift; path = FinalFinalApp.swift; sourceTree = "<group>"; };
/* End PBXFileReference section */

/* Begin PBXFrameworksBuildPhase section */
		E9038C5955C3D5D57EF730DB /* Frameworks */ = {
			isa = PBXFrameworksBuildPhase;
			buildActionMask = 2147483647;
			files = (
				5428AB4DBE5F4E61BBD3DFAC /* GRDB in Frameworks */,
			);
			runOnlyForDeploymentPostprocessing = 0;
		};
/* End PBXFrameworksBuildPhase section */

/* Begin PBXGroup section */
		08BDF343DB80AF74774B5B6E /* VersionHistory */ = {
			isa = PBXGroup;
			children = (
				944062D49633F32557CC7161 /* DocumentPreviewView.swift */,
				ADDBB952E065FAA3EC8B0789 /* VersionHistorySheet.swift */,
				403B8E649101EE81EC675619 /* VersionHistorySheet+Actions.swift */,
				6BDEEE9C10B3CB00393F7E53 /* VersionHistoryWindow.swift */,
				C8498B4341C08418634FB2AC /* VersionHistoryWindow+Restore.swift */,
				E99D04B51EB859A1BD1A73BB /* VersionListView.swift */,
			);
			path = VersionHistory;
			sourceTree = "<group>";
		};
		169B52CD3D09C7F3C852D46F /* Commands */ = {
			isa = PBXGroup;
			children = (
				F9CFDC0132E6797F539579F0 /* CitationCommands.swift */,
				03BD491F2B87E03E136E9140 /* EditorCommands.swift */,
				55069760CD7C2E13C59E0E39 /* ExportCommands.swift */,
				9B422289970724FBD8F8FFDC /* FileCommands.swift */,
				5A8A74453B2CB08623CDE2B4 /* HelpCommands.swift */,
				36487B030EB59318DB746D86 /* ThemeCommands.swift */,
				D678FA29904C6946CACDC1D6 /* ViewCommands.swift */,
			);
			path = Commands;
			sourceTree = "<group>";
		};
		1A41C166B938E47086169E96 /* Editors */ = {
			isa = PBXGroup;
			children = (
				47F42FEEB5EFB471BDEDB2DB /* CodeMirrorCoordinator+Handlers.swift */,
				73EA833CAD13B84DA71C0544 /* CodeMirrorEditor.swift */,
				CE6D9836DD14A789629A10CB /* EditorSchemeHandler.swift */,
				2892EEB9AB8A127B61B8B1D8 /* MilkdownCoordinator+Content.swift */,
				594727DD6667897CC1A2A75A /* MilkdownCoordinator+MessageHandlers.swift */,
				7EEDC491836013F46E97FAE8 /* MilkdownEditor.swift */,
				10BA92FC730511D06959AEDB /* StringExtensions.swift */,
			);
			path = Editors;
			sourceTree = "<group>";
		};
		286B8E2A62BC888E4FCC6A09 /* Utils */ = {
			isa = PBXGroup;
			children = (
				7C20C6E92294CD47FFE7539F /* MarkdownUtils.swift */,
			);
			path = Utils;
			sourceTree = "<group>";
		};
		3270F435FFB5953CF0EBBCAE /* AnnotationPanel */ = {
			isa = PBXGroup;
			children = (
				5903AE3511C621FF3093E3C9 /* AnnotationCardView.swift */,
				988DC867E52B507551B94D73 /* AnnotationFilterBar.swift */,
				CC5B8A956E441E29032AE5F9 /* AnnotationPanel.swift */,
				B220BEC12CB629DCB165D755 /* AnnotationViewModel.swift */,
			);
			path = AnnotationPanel;
			sourceTree = "<group>";
		};
		32D736F5D00C9F506D5A9A60 /* Theme */ = {
			isa = PBXGroup;
			children = (
				2AAD6FB6258FBF011A89ECFC /* ColorScheme.swift */,
				1C9A6AA1550623CEDFA4ACB8 /* RadixScales.swift */,
				F37D8109D489C3EF73C167C0 /* RadixScales+Custom.swift */,
				8022FED1E4C6607CD01857B7 /* RadixScales+Semantic.swift */,
				27856E54C5B28F839E83F154 /* ThemeManager.swift */,
				CE36F17D91BD28DBE49E98F8 /* Typography.swift */,
			);
			path = Theme;
			sourceTree = "<group>";
		};
		34A01CAE3C65372C6D2C72CF /* Helpers */ = {
			isa = PBXGroup;
			children = (
				E73273BD2D10F6D5912C9778 /* EditorTestHelper.swift */,
				93141FCBB4923D0F28E8C236 /* TestFixtureFactory.swift */,
			);
			path = Helpers;
			sourceTree = "<group>";
		};
		3968114F8AC7B20B7B833FD5 /* test-fixture.ff */ = {
			isa = PBXGroup;
			children = (
				342DA0CDD64AC4355DCB9DA7 /* content.sqlite */,
			);
			path = "test-fixture.ff";
			sourceTree = "<group>";
		};
		3F528C948E209CDF817C3EC8 /* ViewState */ = {
			isa = PBXGroup;
			children = (
				31C89F3A4269349290CD8F03 /* EditorViewState.swift */,
				DBBD3F44DAC64E5BDF50919F /* EditorViewState+FocusMode.swift */,
				4841F7F108760152AC98A47B /* EditorViewState+Types.swift */,
				D7CDE9D1D9ECA8A2C882564D /* EditorViewState+Zoom.swift */,
				646D666F8FB90F4CDCFF356E /* ExportViewModel.swift */,
				3BB70B8A6DD5904EC181116A /* VersionHistoryCoordinator.swift */,
			);
			path = ViewState;
			sourceTree = "<group>";
		};
		5D30D849AC613F46C575C190 /* Products */ = {
			isa = PBXGroup;
			children = (
				5741EAE0DDD338AB4D025101 /* final final.app */,
				788D4C2FB2475A38D3477A97 /* final finalTests.xctest */,
				B1CCD9944C68301C7B49A3FC /* final finalUITests.xctest */,
			);
			name = Products;
			sourceTree = "<group>";
		};
		713A66A0133FFEE258039893 /* Fixtures */ = {
			isa = PBXGroup;
			children = (
				3968114F8AC7B20B7B833FD5 /* test-fixture.ff */,
			);
			path = Fixtures;
			sourceTree = "<group>";
		};
		77839AE8F84D5BB394C9439D = {
			isa = PBXGroup;
			children = (
				80D86FAB5657E30D2DC86655 /* editor */,
				8C997BC2679C3F7349B8B7E8 /* Export */,
				6D1C9C394433400E8BE7F59C /* Fixtures */,
				76CC075151A2E6342FFE523E /* TinyTeX */,
				887202FB500BDC677B0C41F3 /* final final */,
				96FDF83C9E576F31361DF979 /* final finalTests */,
				A97A6B60AEBBB808E8AAC5AA /* final finalUITests */,
				5D30D849AC613F46C575C190 /* Products */,
			);
			sourceTree = "<group>";
		};
		77A6E60C9E45905B8D2CA237 /* Utilities */ = {
			isa = PBXGroup;
			children = (
				DE4DE8D59CFC464F6E7D5123 /* FullScreenManager.swift */,
			);
			path = Utilities;
			sourceTree = "<group>";
		};
		863FDB9EBD7F0987C81E6ECA /* Models */ = {
			isa = PBXGroup;
			children = (
				7311920CB617B184B124B6F4 /* Annotation.swift */,
				E614BA7EFA79C8EAF96B80C0 /* AppearanceSettings.swift */,
				4E15DA17E982BE8595CD07FE /* Block.swift */,
				B8D61CFAC6D761917B29935C /* CSLItem.swift */,
				E9A8D79672E775EA73854D93 /* Database.swift */,
				728F6240519F3BDA2753E515 /* Database+Annotations.swift */,
				3B8BDB22DF0AC3535250A72E /* Database+Blocks.swift */,
				8787EE28839E44DAAF698741 /* Database+BlocksObservation.swift */,
				5902C341D97A143E13EC44CA /* Database+BlocksReorder.swift */,
				DDC88DC217831BA18037CB1B /* Database+BlocksWordCount.swift */,
				13133CB5518EA086A3120EDE /* Database+CRUD.swift */,
				5FD87E27CB1257814D589880 /* Database+Sections.swift */,
				6E07FED1E8BB1958EF4F04CF /* Database+Snapshots.swift */,
				54B0DE603A99327D920573B6 /* Document.swift */,
				B188809C6D7BE7E2CB11C3A3 /* ExportSettings.swift */,
				A253238E869E099DD21CF7DE /* GoalColorSettings.swift */,
				CF113F2ADAA8371F7C810BF0 /* OutlineNode.swift */,
				DFB3FE823FEA8DAD86CD01A9 /* ProjectDatabase.swift */,
				734874328EB5518EAC0C2517 /* ProjectPackage.swift */,
				018453199CEAFE2FCD69DCBD /* ProofingSettings.swift */,
				87363EA3909D1FDA8BFDB5F1 /* RecentProject.swift */,
				BC27954DE76B2ADD62BBFF00 /* Section.swift */,
				87F00396843D1E0300C1624A /* Snapshot.swift */,
			);
			path = Models;
			sourceTree = "<group>";
		};
		887202FB500BDC677B0C41F3 /* final final */ = {
			isa = PBXGroup;
			children = (
				540DB80C2488D249796ABEAA /* Assets.xcassets */,
				6C4FC97301C1F22A1D569F41 /* final final.entitlements */,
				109DDCE3DD312B1666618AD5 /* Info.plist */,
				EA04EC30CD2DDAE4DA3776FB /* App */,
				169B52CD3D09C7F3C852D46F /* Commands */,
				1A41C166B938E47086169E96 /* Editors */,
				863FDB9EBD7F0987C81E6ECA /* Models */,
				A0A538514A7F8AF439E6E08D /* Resources */,
				8CB164527A344E1D70DECB0B /* Services */,
				32D736F5D00C9F506D5A9A60 /* Theme */,
				77A6E60C9E45905B8D2CA237 /* Utilities */,
				286B8E2A62BC888E4FCC6A09 /* Utils */,
				8F65F393516BACB7429D8A52 /* Views */,
				3F528C948E209CDF817C3EC8 /* ViewState */,
			);
			path = "final final";
			sourceTree = "<group>";
		};
		8A579DFDA89ED4D43AE65852 /* Components */ = {
			isa = PBXGroup;
			children = (
				A4E5381EEA5442B073C96943 /* ChevronButton.swift */,
				B1679600B9A0C29D5BB56601 /* NativeToolbarButton.swift */,
			);
			path = Components;
			sourceTree = "<group>";
		};
		8CB164527A344E1D70DECB0B /* Services */ = {
			isa = PBXGroup;
			children = (
				6253961779E064C92D1B172E /* AnnotationSyncService.swift */,
				4C0F17548A3E883FD14975A0 /* AnnotationSyncService+Markdown.swift */,
				2B7205FC48760A149A8B0BF8 /* AutoBackupService.swift */,
				ED9246FEA41F18BA08135B2F /* BibliographySyncService.swift */,
				A0EE6A723C923D316B9CE89C /* BlockParser.swift */,
				4BE2C3C3ABC2BC1990C2AC24 /* BlockSyncService.swift */,
				DDC98D54901B8744835E5EF4 /* BuiltInProvider.swift */,
				44DE11B8C0AD43E4C7DA35BF /* DocumentManager.swift */,
				3B4388FBF61DA9C85D7AB27E /* DocumentManager+GettingStarted.swift */,
				4B4047E7D3F51B03731AAA62 /* DocumentManager+RecentProjects.swift */,
				1EC960E239AB6BAACD5BC0A3 /* EditorPreloader.swift */,
				6C65021F994002F139C1184C /* ExportService.swift */,
				3E573D126ADEE441215EE597 /* KeychainHelper.swift */,
				3A530A55D9265E47C5CF4EB3 /* LanguageToolProvider.swift */,
				5A1E8A83A78A7909AA1289DB /* OutlineParser.swift */,
				CF38A145CE15C32F45EBB00D /* PandocLocator.swift */,
				A12F8033BDC1E3ED37C83195 /* ProjectIntegrityChecker.swift */,
				437CEEF39F4832F82656EC15 /* ProjectRepairService.swift */,
				D567C1445BFF0160D8410001 /* ProjectStore.swift */,
				AB67FDEBDA369B54F8FED127 /* ProofingProvider.swift */,
				61DE6BB00F5D1EF8A75439EB /* SectionReconciler.swift */,
				EA5B65E36E0BB3661A7CE09A /* SectionSyncService.swift */,
				5F9E113796E1D22FF7D8AB97 /* SectionSyncService+Anchors.swift */,
				5BE4605C3214124AFB7C06FB /* SectionSyncService+Parsing.swift */,
				CB51F453D350DBA8D3632F22 /* SnapshotService.swift */,
				CBEC345FCF94A399DA799342 /* SpellCheckService.swift */,
				2070D9DD040736953F1CAA08 /* ZoteroChecker.swift */,
				E16909CB53D2BCFD8CC1B0BF /* ZoteroService.swift */,
				6E8F8EC247BCC5E3E00BA145 /* ZoteroService+CAYW.swift */,
			);
			path = Services;
			sourceTree = "<group>";
		};
		8F65F393516BACB7429D8A52 /* Views */ = {
			isa = PBXGroup;
			children = (
				02E925EEE027AE829C229AAA /* ContentView.swift */,
				E856C7AE9A5FD0C74735140C /* ContentView+ContentRebuilding.swift */,
				97EBF329386AD7C3A261ACC6 /* ContentView+HierarchyEnforcement.swift */,
				07DB82121B58A51D0946666A /* ContentView+ProjectLifecycle.swift */,
				0F398C30DDF6EB57FF14A96D /* ContentView+SectionManagement.swift */,
				64284CE23032DBF7F70EFE87 /* IntegrityAlertView.swift */,
				FA8E40231CCB32EC98E3B48F /* ProjectPickerView.swift */,
				BF41CB39EB2C5BD4E30A2CDA /* StatusBar.swift */,
				E673DA14AB0CE672FD60FB47 /* ViewNotificationModifiers.swift */,
				3270F435FFB5953CF0EBBCAE /* AnnotationPanel */,
				8A579DFDA89ED4D43AE65852 /* Components */,
				9CD14B9DD9B8432A9146C3B7 /* FindBar */,
				F12A96140007B3EB505B5ED5 /* Preferences */,
				B6F6A7853E44572DC6A576EF /* Sidebar */,
				08BDF343DB80AF74774B5B6E /* VersionHistory */,
			);
			path = Views;
			sourceTree = "<group>";
		};
		96FDF83C9E576F31361DF979 /* final finalTests */ = {
			isa = PBXGroup;
			children = (
				4DB38C1663B804694C7D3D31 /* EditorBridgeTests.swift */,
				0E843650744C2F13D1618667 /* FinalFinalTests.swift */,
				9A6B768093BB98E0220CDC6C /* FixtureGeneratorTests.swift */,
				FDA7C9F1CFBE9EDB2C4D818C /* OutlineParserTests.swift */,
				E2BEC2E8F18731A82D861A36 /* ProjectRepairServiceTests.swift */,
				55FB874281AB62837401C32A /* ProjectRepairServiceTests+AdvancedScenarios.swift */,
				713A66A0133FFEE258039893 /* Fixtures */,
				34A01CAE3C65372C6D2C72CF /* Helpers */,
			);
			path = "final finalTests";
			sourceTree = "<group>";
		};
		9CD14B9DD9B8432A9146C3B7 /* FindBar */ = {
			isa = PBXGroup;
			children = (
				574D4E2E57B58CBB3CCCA8B1 /* FindBarState.swift */,
				D13D076E04BD3B0EA34D5E26 /* FindBarView.swift */,
			);
			path = FindBar;
			sourceTree = "<group>";
		};
		A0A538514A7F8AF439E6E08D /* Resources */ = {
			isa = PBXGroup;
			children = (
				5AC92738325B26E686EFFCF3 /* getting-started.md */,
			);
			path = Resources;
			sourceTree = "<group>";
		};
		A97A6B60AEBBB808E8AAC5AA /* final finalUITests */ = {
			isa = PBXGroup;
			children = (
				355B348D7655EE1EA841872D /* SmokeTests.swift */,
				DA881EDD8E51F372A2C980A5 /* UITestHelpers.swift */,
			);
			path = "final finalUITests";
			sourceTree = "<group>";
		};
		B6F6A7853E44572DC6A576EF /* Sidebar */ = {
			isa = PBXGroup;
			children = (
				B94BA0DFF06C7D3B1B7F38F5 /* DraggableCardView.swift */,
				0CEC9B25AB24040A17CC1589 /* HashBar.swift */,
				ABFC8351EA2CEE315AFD46C8 /* OutlineFilterBar.swift */,
				75B3D65D281D81B769D7DF96 /* OutlineSidebar.swift */,
				0513B2CBDCA0C3202CEDE7E4 /* OutlineSidebar+Components.swift */,
				31937040D58CFFD751C3C45D /* OutlineSidebar+DropDelegates.swift */,
				B590B43C3202D0C1BF230EFA /* OutlineSidebar+Models.swift */,
				92AF8BACE222B0C414BF2E8C /* SectionCardView.swift */,
				049B00CFA6C19B14553937F3 /* SectionTypography.swift */,
				4F774D004F48293691E2241C /* StatusDot.swift */,
				65E7386521E240F08687F38B /* TagPillView.swift */,
			);
			path = Sidebar;
			sourceTree = "<group>";
		};
		EA04EC30CD2DDAE4DA3776FB /* App */ = {
			isa = PBXGroup;
			children = (
				6AD4BB30F275702838E8D3F8 /* AppDelegate.swift */,
				FE24C13995368C23BC470A26 /* FinalFinalApp.swift */,
				C7DACB449A648403C7CCDD3F /* GitInfo.swift */,
				349348AA5F221A0782421BDB /* TestMode.swift */,
			);
			path = App;
			sourceTree = "<group>";
		};
		F12A96140007B3EB505B5ED5 /* Preferences */ = {
			isa = PBXGroup;
			children = (
				BEC20B55C260FCF5460E4E23 /* ExportPreferencesPane.swift */,
				B09119DC4E9BBDC1E741006B /* GoalPreferencesPane.swift */,
				87026C4D0F2AEB394A0A85D9 /* PreferencesView.swift */,
				A97DAA603C9EB29DE79FB8EB /* PreferencesView+Actions.swift */,
				84C5212CE3DA7F15153B8897 /* PreferencesView+Presets.swift */,
				45FDCE8CF47C69A854217FB7 /* ProofingPreferencesPane.swift */,
			);
			path = Preferences;
			sourceTree = "<group>";
		};
/* End PBXGroup section */

/* Begin PBXNativeTarget section */
		48CF9BA009EA11ACC33BFB55 /* final finalTests */ = {
			isa = PBXNativeTarget;
			buildConfigurationList = A113F1C650E247ABF9699C3F /* Build configuration list for PBXNativeTarget "final finalTests" */;
			buildPhases = (
				2D0D2A66A7555B777B919AF8 /* Sources */,
				99EF20CE85F2E79E35430EC3 /* Resources */,
			);
			buildRules = (
			);
			dependencies = (
				1AB99E734AD5C8CC9CDDF042 /* PBXTargetDependency */,
			);
			name = "final finalTests";
			packageProductDependencies = (
			);
			productName = "final finalTests";
			productReference = 788D4C2FB2475A38D3477A97 /* final finalTests.xctest */;
			productType = "com.apple.product-type.bundle.unit-test";
		};
		4A3B93CDDB27C36925E7EC59 /* final final */ = {
			isa = PBXNativeTarget;
			buildConfigurationList = 2E161EC228B8AE3510464111 /* Build configuration list for PBXNativeTarget "final final" */;
			buildPhases = (
				AC02281FB7B2A5BB611B1A29 /* Sources */,
				3BC3CAED088CEF7AE191FA7D /* Resources */,
				E9038C5955C3D5D57EF730DB /* Frameworks */,
				FEF6C6A737962720093F21D9 /* Stamp Git Info into Info.plist */,
			);
			buildRules = (
			);
			dependencies = (
			);
			name = "final final";
			packageProductDependencies = (
				980503AFBDB8FC8CEF6F8BFE /* GRDB */,
			);
			productName = "final final";
			productReference = 5741EAE0DDD338AB4D025101 /* final final.app */;
			productType = "com.apple.product-type.application";
		};
		BD340BCA01ABBD8642AA6DA9 /* final finalUITests */ = {
			isa = PBXNativeTarget;
			buildConfigurationList = A99DC2D6B27B66D7E580FBE9 /* Build configuration list for PBXNativeTarget "final finalUITests" */;
			buildPhases = (
				50E1B72A10A0377CEC82EDD3 /* Sources */,
				B62B6BFD2E4757965617ED5A /* Resources */,
			);
			buildRules = (
			);
			dependencies = (
				1E5A6549ED6E2118D5F85ACD /* PBXTargetDependency */,
			);
			name = "final finalUITests";
			packageProductDependencies = (
			);
			productName = "final finalUITests";
			productReference = B1CCD9944C68301C7B49A3FC /* final finalUITests.xctest */;
			productType = "com.apple.product-type.bundle.ui-testing";
		};
/* End PBXNativeTarget section */

/* Begin PBXProject section */
		F0BAF9FF1D366B40F0176899 /* Project object */ = {
			isa = PBXProject;
			attributes = {
				BuildIndependentTargetsInParallel = YES;
				LastUpgradeCheck = 1500;
				TargetAttributes = {
					BD340BCA01ABBD8642AA6DA9 = {
						TestTargetID = 4A3B93CDDB27C36925E7EC59;
					};
				};
			};
			buildConfigurationList = 3D58365191C3B81045CC67DB /* Build configuration list for PBXProject "final final" */;
			compatibilityVersion = "Xcode 14.0";
			developmentRegion = en;
			hasScannedForEncodings = 0;
			knownRegions = (
				Base,
				en,
			);
			mainGroup = 77839AE8F84D5BB394C9439D;
			minimizedProjectReferenceProxies = 1;
			packageReferences = (
				BBDFE52FE592986009318F3C /* XCRemoteSwiftPackageReference "GRDB.swift" */,
			);
			preferredProjectObjectVersion = 77;
			projectDirPath = "";
			projectRoot = "";
			targets = (
				4A3B93CDDB27C36925E7EC59 /* final final */,
				48CF9BA009EA11ACC33BFB55 /* final finalTests */,
				BD340BCA01ABBD8642AA6DA9 /* final finalUITests */,
			);
		};
/* End PBXProject section */

/* Begin PBXResourcesBuildPhase section */
		3BC3CAED088CEF7AE191FA7D /* Resources */ = {
			isa = PBXResourcesBuildPhase;
			buildActionMask = 2147483647;
			files = (
				3F3CDE3F335D3DF046014F49 /* Assets.xcassets in Resources */,
				91DF49BFF5C5AD124AE4A15E /* Export in Resources */,
				8FC2C94655683E0A57EE671F /* TinyTeX in Resources */,
				B17C6E9C011435B07C9EFF38 /* editor in Resources */,
				40232071CF86A652D542B783 /* getting-started.md in Resources */,
			);
			runOnlyForDeploymentPostprocessing = 0;
		};
		99EF20CE85F2E79E35430EC3 /* Resources */ = {
			isa = PBXResourcesBuildPhase;
			buildActionMask = 2147483647;
			files = (
				A260B9AEA58D00DA58E332AD /* content.sqlite in Resources */,
			);
			runOnlyForDeploymentPostprocessing = 0;
		};
		B62B6BFD2E4757965617ED5A /* Resources */ = {
			isa = PBXResourcesBuildPhase;
			buildActionMask = 2147483647;
			files = (
				C63065FEE9261025A22945D6 /* Fixtures in Resources */,
			);
			runOnlyForDeploymentPostprocessing = 0;
		};
/* End PBXResourcesBuildPhase section */

/* Begin PBXShellScriptBuildPhase section */
		FEF6C6A737962720093F21D9 /* Stamp Git Info into Info.plist */ = {
			isa = PBXShellScriptBuildPhase;
			alwaysOutOfDate = 1;
			buildActionMask = 2147483647;
			files = (
			);
			inputFileListPaths = (
			);
			inputPaths = (
			);
			name = "Stamp Git Info into Info.plist";
			outputFileListPaths = (
			);
			outputPaths = (
			);
			runOnlyForDeploymentPostprocessing = 0;
			shellPath = /bin/sh;
			shellScript = "PLIST_PATH=\"${BUILT_PRODUCTS_DIR}/${INFOPLIST_PATH}\"\nBRANCH=$(git rev-parse --abbrev-ref HEAD 2>/dev/null || echo \"unknown\")\nCOMMIT=$(git rev-parse --short HEAD 2>/dev/null || echo \"unknown\")\n/usr/libexec/PlistBuddy -c \"Add :GitBranch string $BRANCH\" \"$PLIST_PATH\" 2>/dev/null || \\\n  /usr/libexec/PlistBuddy -c \"Set :GitBranch $BRANCH\" \"$PLIST_PATH\"\n/usr/libexec/PlistBuddy -c \"Add :GitCommit string $COMMIT\" \"$PLIST_PATH\" 2>/dev/null || \\\n  /usr/libexec/PlistBuddy -c \"Set :GitCommit $COMMIT\" \"$PLIST_PATH\"\n";
		};
/* End PBXShellScriptBuildPhase section */

/* Begin PBXSourcesBuildPhase section */
		2D0D2A66A7555B777B919AF8 /* Sources */ = {
			isa = PBXSourcesBuildPhase;
			buildActionMask = 2147483647;
			files = (
				873F99F4E522EE5DD90C8AB2 /* EditorBridgeTests.swift in Sources */,
				71CD51886DBBD5690DD34F8E /* EditorTestHelper.swift in Sources */,
				20AFD8B3E9B9181745AD26B8 /* FinalFinalTests.swift in Sources */,
				D3927D5FD341BF8E01C931A9 /* FixtureGeneratorTests.swift in Sources */,
				6906417635740343EE8F362A /* OutlineParserTests.swift in Sources */,
				A882A9761FB7DBA60CE42F93 /* ProjectRepairServiceTests+AdvancedScenarios.swift in Sources */,
				FF68398B6345837AE88A9AB1 /* ProjectRepairServiceTests.swift in Sources */,
				914908877FE1D091C7241247 /* TestFixtureFactory.swift in Sources */,
			);
			runOnlyForDeploymentPostprocessing = 0;
		};
		50E1B72A10A0377CEC82EDD3 /* Sources */ = {
			isa = PBXSourcesBuildPhase;
			buildActionMask = 2147483647;
			files = (
				7B043B707D6E83C7159BA2F9 /* SmokeTests.swift in Sources */,
				3809CA424F5F60778B029882 /* UITestHelpers.swift in Sources */,
			);
			runOnlyForDeploymentPostprocessing = 0;
		};
		AC02281FB7B2A5BB611B1A29 /* Sources */ = {
			isa = PBXSourcesBuildPhase;
			buildActionMask = 2147483647;
			files = (
				4AA86A11D7EC52D97D029274 /* Annotation.swift in Sources */,
				E46F3ED58DA8FEDB5213C283 /* AnnotationCardView.swift in Sources */,
				2607C5DF7DE82A639CC52E8D /* AnnotationFilterBar.swift in Sources */,
				FA6E217F7950A15AEDE69960 /* AnnotationPanel.swift in Sources */,
				72BC27601E99F37F134C760E /* AnnotationSyncService+Markdown.swift in Sources */,
				B170D8E5C33C7D7D14A350D4 /* AnnotationSyncService.swift in Sources */,
				C3333CCD923C6BDE144086D9 /* AnnotationViewModel.swift in Sources */,
				2A5EB4F121ED5781FDD710A7 /* AppDelegate.swift in Sources */,
				79C23EF8EBD0D2FB15865C37 /* AppearanceSettings.swift in Sources */,
				CE292E2BCF5617C406CA10FB /* AutoBackupService.swift in Sources */,
				8CC3FFE851C758FAF0E7DE9B /* BibliographySyncService.swift in Sources */,
				51B8B9C54EC8B405167BB9AD /* Block.swift in Sources */,
				9E99C57C2D8101B560301BAE /* BlockParser.swift in Sources */,
				230D53A0B012FF234621652E /* BlockSyncService.swift in Sources */,
				21E9D0A73D4F1709F165CC1E /* BuiltInProvider.swift in Sources */,
				8A96868113B77FF320A4AFB9 /* CSLItem.swift in Sources */,
				66B2E33AC24571E9D119C046 /* ChevronButton.swift in Sources */,
				84D6884875EFB8B07BD1C64C /* CitationCommands.swift in Sources */,
				E2936B1395E60EDCD0D14969 /* CodeMirrorCoordinator+Handlers.swift in Sources */,
				0127F846C37CAFAFA0455C60 /* CodeMirrorEditor.swift in Sources */,
				790667B521454C125B0FE74B /* ColorScheme.swift in Sources */,
				5AFFFF64449FC6C7058004E5 /* ContentView+ContentRebuilding.swift in Sources */,
				49DBFD0515384750FE283806 /* ContentView+HierarchyEnforcement.swift in Sources */,
				062B41D5D62F9F40057C254B /* ContentView+ProjectLifecycle.swift in Sources */,
				3B2AC62CE58F7D93C7344D13 /* ContentView+SectionManagement.swift in Sources */,
				7ACE3361E6A474E6D99062E1 /* ContentView.swift in Sources */,
				5B5AFBF103A6E02BD4EB4898 /* Database+Annotations.swift in Sources */,
				9F8A84E5700503E3140BB6AC /* Database+Blocks.swift in Sources */,
				7DFBEF78C3DD381D347A324C /* Database+BlocksObservation.swift in Sources */,
				4C7E2457DC3A7DA2BCE893AB /* Database+BlocksReorder.swift in Sources */,
				1CB5D59D6B0C2C767547192A /* Database+BlocksWordCount.swift in Sources */,
				ACAF912B9BF42D9FD97B82C2 /* Database+CRUD.swift in Sources */,
				762C4F8744B0DB84218E14EF /* Database+Sections.swift in Sources */,
				4D671DBFA718AA3F2C24DFE3 /* Database+Snapshots.swift in Sources */,
				45869BA1A8791DA0E428B1BD /* Database.swift in Sources */,
				49989C588EFAF924B6BF9400 /* Document.swift in Sources */,
				51055D83C24D331379EBD419 /* DocumentManager+GettingStarted.swift in Sources */,
				8F63B2FC4CF2B275394DBB02 /* DocumentManager+RecentProjects.swift in Sources */,
				49ACC632B2B50DFDBED9954B /* DocumentManager.swift in Sources */,
				340253991038A90C28898154 /* DocumentPreviewView.swift in Sources */,
				5AF10728B84222571BDBB8A1 /* DraggableCardView.swift in Sources */,
				7ECDA8650F5A11B84724DF8F /* EditorCommands.swift in Sources */,
				92F44EAF2040D7CE3568BA8C /* EditorPreloader.swift in Sources */,
				5DC993888BDFB3602E1FA2AA /* EditorSchemeHandler.swift in Sources */,
				D3FF566198A11C644E49B4D8 /* EditorViewState+FocusMode.swift in Sources */,
				6DCDEAA6E72ACBE2572AA9F3 /* EditorViewState+Types.swift in Sources */,
				A63A6CAA68FA3A786C2E8B9F /* EditorViewState+Zoom.swift in Sources */,
				27788FB6CF7677E47103E1D6 /* EditorViewState.swift in Sources */,
				8DF608DC28695AC4BA728238 /* ExportCommands.swift in Sources */,
				533D8BDE9118ACC34CF4BF89 /* ExportPreferencesPane.swift in Sources */,
				53A856455FD6985D356DF716 /* ExportService.swift in Sources */,
				5DCCCD27DB39DACD3CDDDBB4 /* ExportSettings.swift in Sources */,
				0784ABBC885E7F022DDC0D6B /* ExportViewModel.swift in Sources */,
				3957C98BBCB2699A33E2C288 /* FileCommands.swift in Sources */,
				6D12AEF734B0A4D7D05F681F /* FinalFinalApp.swift in Sources */,
				ABB3B86E925FF4196F579E31 /* FindBarState.swift in Sources */,
				59E041D4F98FE5B1F9A13ED4 /* FindBarView.swift in Sources */,
				802A2E3DC7C417EF81173AF8 /* FullScreenManager.swift in Sources */,
				025311FF492B505FC913440D /* GitInfo.swift in Sources */,
				B87F92C053B192CE869087C1 /* GoalColorSettings.swift in Sources */,
				175134B0E1A82073C2CB4D0F /* GoalPreferencesPane.swift in Sources */,
				FA5C8D9CA08A0BB702BD0C7B /* HashBar.swift in Sources */,
				F0A005E8C501B38A29B52152 /* HelpCommands.swift in Sources */,
				D30B35EAC392DBFD98D4C432 /* IntegrityAlertView.swift in Sources */,
				7F09171B841269E80B7A71A6 /* KeychainHelper.swift in Sources */,
				15E9D15B0AF02828BFF55BCF /* LanguageToolProvider.swift in Sources */,
				90566734810E75E47CEF710E /* MarkdownUtils.swift in Sources */,
				24E6DCFA94F75C5A30CF12D4 /* MilkdownCoordinator+Content.swift in Sources */,
				ECA17134BABE98C9FC75300F /* MilkdownCoordinator+MessageHandlers.swift in Sources */,
				75D604E7143573D4BFD533FD /* MilkdownEditor.swift in Sources */,
				CB678DCC05EA528F1C7CF6CF /* NativeToolbarButton.swift in Sources */,
				83EF38E6AD012B11C741891D /* OutlineFilterBar.swift in Sources */,
				A7F047CACD5338BFF13C8336 /* OutlineNode.swift in Sources */,
				47DBF3857C5C06C046A299AD /* OutlineParser.swift in Sources */,
				96AAAAB0F5740611297C2880 /* OutlineSidebar+Components.swift in Sources */,
				781C1DA25364AA396413E82F /* OutlineSidebar+DropDelegates.swift in Sources */,
				A7328C5CF075FEF4898B1803 /* OutlineSidebar+Models.swift in Sources */,
				135D44FB4D2BB6A12ABB783F /* OutlineSidebar.swift in Sources */,
				639B3B47C550E26A3EE3F0D2 /* PandocLocator.swift in Sources */,
				F950696D89BC55EE10A6A5A4 /* PreferencesView+Actions.swift in Sources */,
				B2F771834247C01B57FEE863 /* PreferencesView+Presets.swift in Sources */,
				5D11CB5DD10F6D6E3560D087 /* PreferencesView.swift in Sources */,
				63072A9E8DE3BC6324759AE9 /* ProjectDatabase.swift in Sources */,
				AC04D7D64FA25ADC4D649125 /* ProjectIntegrityChecker.swift in Sources */,
				D6A0D3C2D59070E808EFA6C9 /* ProjectPackage.swift in Sources */,
				88AB6DED4A2E398862C569CE /* ProjectPickerView.swift in Sources */,
				95DA16BD31941C5CD424F43D /* ProjectRepairService.swift in Sources */,
				D1576467EE827142AA4F49BE /* ProjectStore.swift in Sources */,
				5264BEBC43EC7D90374BF0D6 /* ProofingPreferencesPane.swift in Sources */,
				BF3262499946BF393105A3F8 /* ProofingProvider.swift in Sources */,
				F3E0E97819FBC94E889BD2E8 /* ProofingSettings.swift in Sources */,
				0ABF543A354D8FA782C316FB /* RadixScales+Custom.swift in Sources */,
				26CBEFD0C2BEA4FD5BBAF49E /* RadixScales+Semantic.swift in Sources */,
				F59EF64CCCF90C58F831BC04 /* RadixScales.swift in Sources */,
				E028FEF9DCA9E380AE542AF2 /* RecentProject.swift in Sources */,
				0ED46619B703DCB8610330F3 /* Section.swift in Sources */,
				D0208FE27BA4FBD4AADFD905 /* SectionCardView.swift in Sources */,
				AC1816323A52499CA6DCFD2A /* SectionReconciler.swift in Sources */,
				4C928D3A6E337665ED5BB7C1 /* SectionSyncService+Anchors.swift in Sources */,
				935EE522B76AA7CB3B141E6B /* SectionSyncService+Parsing.swift in Sources */,
				04195D3F2962ED2D9A21C2F5 /* SectionSyncService.swift in Sources */,
				0482D5E5C956125D76159EA2 /* SectionTypography.swift in Sources */,
				E46A01D58B8F56C1034EB422 /* Snapshot.swift in Sources */,
				F0FB047FF7AE11991447AF4E /* SnapshotService.swift in Sources */,
				852514D39E219CD8C349556A /* SpellCheckService.swift in Sources */,
				AD8451C7428BC1E2016746D1 /* StatusBar.swift in Sources */,
				5C07BE1D08BFF8C132BC10C7 /* StatusDot.swift in Sources */,
				80DDD68802F44504ACF653A7 /* StringExtensions.swift in Sources */,
				35FA3CC0FED14ED1D7FD9000 /* TagPillView.swift in Sources */,
				6BBC4709B786A0181888FC76 /* TestMode.swift in Sources */,
				21F0559EDFDBA7FFB28AAD5D /* ThemeCommands.swift in Sources */,
				8384B00E2738A39290BDCB1B /* ThemeManager.swift in Sources */,
				5E65B667DA5C19888B7BF88E /* Typography.swift in Sources */,
				7A766FE31F56DB4FFCE73D8C /* VersionHistoryCoordinator.swift in Sources */,
				3D1B4B7C84B95B0C08F3555D /* VersionHistorySheet+Actions.swift in Sources */,
				D7D157CF0D11B4297B531B0D /* VersionHistorySheet.swift in Sources */,
				462CD674C023169FE6A7C21F /* VersionHistoryWindow+Restore.swift in Sources */,
				2802A3278F0A84FA184FCCBD /* VersionHistoryWindow.swift in Sources */,
				3C01E547EFAD7C50604AEB10 /* VersionListView.swift in Sources */,
				8B43E0C82C186ABDE79D9AE8 /* ViewCommands.swift in Sources */,
				C6B9E151FB9DD711E72960B8 /* ViewNotificationModifiers.swift in Sources */,
				0C67A14B44BDA954C666F7FD /* ZoteroChecker.swift in Sources */,
				A36206EB02FE6CAD10AC3076 /* ZoteroService+CAYW.swift in Sources */,
				9E8D8F33D47F7001D135296C /* ZoteroService.swift in Sources */,
			);
			runOnlyForDeploymentPostprocessing = 0;
		};
/* End PBXSourcesBuildPhase section */

/* Begin PBXTargetDependency section */
		1AB99E734AD5C8CC9CDDF042 /* PBXTargetDependency */ = {
			isa = PBXTargetDependency;
			target = 4A3B93CDDB27C36925E7EC59 /* final final */;
			targetProxy = E9D6219838BBB44E7B87DA90 /* PBXContainerItemProxy */;
		};
		1E5A6549ED6E2118D5F85ACD /* PBXTargetDependency */ = {
			isa = PBXTargetDependency;
			target = 4A3B93CDDB27C36925E7EC59 /* final final */;
			targetProxy = 85A3B3E0AB1C74B3DD84AF0C /* PBXContainerItemProxy */;
		};
/* End PBXTargetDependency section */

/* Begin XCBuildConfiguration section */
		01DDEA1156C69DB1F5E21F51 /* Debug */ = {
			isa = XCBuildConfiguration;
			buildSettings = {
				BUNDLE_LOADER = "$(TEST_HOST)";
				COMBINE_HIDPI_IMAGES = YES;
				GENERATE_INFOPLIST_FILE = YES;
				LD_RUNPATH_SEARCH_PATHS = (
					"$(inherited)",
					"@executable_path/Frameworks",
					"@loader_path/Frameworks",
				);
				PRODUCT_BUNDLE_IDENTIFIER = "com.kerim.final-final-uitests";
				SDKROOT = macosx;
				SWIFT_VERSION = 5.9;
				TEST_TARGET_NAME = "final final";
			};
			name = Debug;
		};
		05D68221E751AE7AB86E28DB /* Release */ = {
			isa = XCBuildConfiguration;
			buildSettings = {
				ALWAYS_SEARCH_USER_PATHS = NO;
				CLANG_ANALYZER_NONNULL = YES;
				CLANG_ANALYZER_NUMBER_OBJECT_CONVERSION = YES_AGGRESSIVE;
				CLANG_CXX_LANGUAGE_STANDARD = "gnu++14";
				CLANG_CXX_LIBRARY = "libc++";
				CLANG_ENABLE_MODULES = YES;
				CLANG_ENABLE_OBJC_ARC = YES;
				CLANG_ENABLE_OBJC_WEAK = YES;
				CLANG_WARN_BLOCK_CAPTURE_AUTORELEASING = YES;
				CLANG_WARN_BOOL_CONVERSION = YES;
				CLANG_WARN_COMMA = YES;
				CLANG_WARN_CONSTANT_CONVERSION = YES;
				CLANG_WARN_DEPRECATED_OBJC_IMPLEMENTATIONS = YES;
				CLANG_WARN_DIRECT_OBJC_ISA_USAGE = YES_ERROR;
				CLANG_WARN_DOCUMENTATION_COMMENTS = YES;
				CLANG_WARN_EMPTY_BODY = YES;
				CLANG_WARN_ENUM_CONVERSION = YES;
				CLANG_WARN_INFINITE_RECURSION = YES;
				CLANG_WARN_INT_CONVERSION = YES;
				CLANG_WARN_NON_LITERAL_NULL_CONVERSION = YES;
				CLANG_WARN_OBJC_IMPLICIT_RETAIN_SELF = YES;
				CLANG_WARN_OBJC_LITERAL_CONVERSION = YES;
				CLANG_WARN_OBJC_ROOT_CLASS = YES_ERROR;
				CLANG_WARN_QUOTED_INCLUDE_IN_FRAMEWORK_HEADER = YES;
				CLANG_WARN_RANGE_LOOP_ANALYSIS = YES;
				CLANG_WARN_STRICT_PROTOTYPES = YES;
				CLANG_WARN_SUSPICIOUS_MOVE = YES;
				CLANG_WARN_UNGUARDED_AVAILABILITY = YES_AGGRESSIVE;
				CLANG_WARN_UNREACHABLE_CODE = YES;
				CLANG_WARN__DUPLICATE_METHOD_MATCH = YES;
				COPY_PHASE_STRIP = NO;
				DEBUG_INFORMATION_FORMAT = "dwarf-with-dsym";
				ENABLE_NS_ASSERTIONS = NO;
				ENABLE_STRICT_OBJC_MSGSEND = YES;
				GCC_C_LANGUAGE_STANDARD = gnu11;
				GCC_NO_COMMON_BLOCKS = YES;
				GCC_WARN_64_TO_32_BIT_CONVERSION = YES;
				GCC_WARN_ABOUT_RETURN_TYPE = YES_ERROR;
				GCC_WARN_UNDECLARED_SELECTOR = YES;
				GCC_WARN_UNINITIALIZED_AUTOS = YES_AGGRESSIVE;
				GCC_WARN_UNUSED_FUNCTION = YES;
				GCC_WARN_UNUSED_VARIABLE = YES;
				MACOSX_DEPLOYMENT_TARGET = 14.0;
				MTL_ENABLE_DEBUG_INFO = NO;
				MTL_FAST_MATH = YES;
				PRODUCT_NAME = "$(TARGET_NAME)";
				SDKROOT = macosx;
				SWIFT_COMPILATION_MODE = wholemodule;
				SWIFT_OPTIMIZATION_LEVEL = "-O";
				SWIFT_VERSION = 5.0;
			};
			name = Release;
		};
		0D4CD9A7010A574AB7109E80 /* Release */ = {
			isa = XCBuildConfiguration;
			buildSettings = {
				BUNDLE_LOADER = "$(TEST_HOST)";
				COMBINE_HIDPI_IMAGES = YES;
				GENERATE_INFOPLIST_FILE = YES;
				LD_RUNPATH_SEARCH_PATHS = (
					"$(inherited)",
					"@executable_path/Frameworks",
					"@loader_path/Frameworks",
				);
				PRODUCT_BUNDLE_IDENTIFIER = "com.kerim.final-final-uitests";
				SDKROOT = macosx;
				SWIFT_VERSION = 5.9;
				TEST_TARGET_NAME = "final final";
			};
			name = Release;
		};
		325CEE181C40AF7C0BAF9405 /* Debug */ = {
			isa = XCBuildConfiguration;
			buildSettings = {
				BUNDLE_LOADER = "$(TEST_HOST)";
				COMBINE_HIDPI_IMAGES = YES;
				GENERATE_INFOPLIST_FILE = YES;
				LD_RUNPATH_SEARCH_PATHS = (
					"$(inherited)",
					"@executable_path/../Frameworks",
					"@loader_path/../Frameworks",
				);
				PRODUCT_BUNDLE_IDENTIFIER = "com.kerim.final-final-tests";
				SDKROOT = macosx;
				SWIFT_VERSION = 5.9;
				TEST_HOST = "$(BUILT_PRODUCTS_DIR)/FINAL|FINAL.app/Contents/MacOS/FINAL|FINAL";
			};
			name = Debug;
		};
		71EA0B12C1C0C97C42A15FDC /* Debug */ = {
			isa = XCBuildConfiguration;
			buildSettings = {
				ASSETCATALOG_COMPILER_APPICON_NAME = AppIcon;
				CODE_SIGN_ENTITLEMENTS = "final final/final final.entitlements";
				COMBINE_HIDPI_IMAGES = YES;
				CURRENT_PROJECT_VERSION = 0.2.42;
				GENERATE_INFOPLIST_FILE = YES;
				INFOPLIST_FILE = "final final/Info.plist";
				INFOPLIST_GENERATION_MODE = GeneratedFile;
				LD_RUNPATH_SEARCH_PATHS = (
					"$(inherited)",
					"@executable_path/../Frameworks",
				);
				MACOSX_DEPLOYMENT_TARGET = 14.0;
				MARKETING_VERSION = 1;
				PRODUCT_BUNDLE_IDENTIFIER = "com.kerim.final-final";
				PRODUCT_MODULE_NAME = final_final;
				PRODUCT_NAME = "FINAL|FINAL";
				SDKROOT = macosx;
				SWIFT_VERSION = 5.9;
			};
			name = Debug;
		};
		7F944E942DFED44C9A711E4F /* Release */ = {
			isa = XCBuildConfiguration;
			buildSettings = {
				ASSETCATALOG_COMPILER_APPICON_NAME = AppIcon;
				CODE_SIGN_ENTITLEMENTS = "final final/final final.entitlements";
				COMBINE_HIDPI_IMAGES = YES;
				CURRENT_PROJECT_VERSION = 0.2.42;
				GENERATE_INFOPLIST_FILE = YES;
				INFOPLIST_FILE = "final final/Info.plist";
				INFOPLIST_GENERATION_MODE = GeneratedFile;
				LD_RUNPATH_SEARCH_PATHS = (
					"$(inherited)",
					"@executable_path/../Frameworks",
				);
				MACOSX_DEPLOYMENT_TARGET = 14.0;
				MARKETING_VERSION = 1;
				PRODUCT_BUNDLE_IDENTIFIER = "com.kerim.final-final";
				PRODUCT_MODULE_NAME = final_final;
				PRODUCT_NAME = "FINAL|FINAL";
				SDKROOT = macosx;
				SWIFT_VERSION = 5.9;
			};
			name = Release;
		};
		DD0356459FEFE41CCC3AEA03 /* Debug */ = {
			isa = XCBuildConfiguration;
			buildSettings = {
				ALWAYS_SEARCH_USER_PATHS = NO;
				CLANG_ANALYZER_NONNULL = YES;
				CLANG_ANALYZER_NUMBER_OBJECT_CONVERSION = YES_AGGRESSIVE;
				CLANG_CXX_LANGUAGE_STANDARD = "gnu++14";
				CLANG_CXX_LIBRARY = "libc++";
				CLANG_ENABLE_MODULES = YES;
				CLANG_ENABLE_OBJC_ARC = YES;
				CLANG_ENABLE_OBJC_WEAK = YES;
				CLANG_WARN_BLOCK_CAPTURE_AUTORELEASING = YES;
				CLANG_WARN_BOOL_CONVERSION = YES;
				CLANG_WARN_COMMA = YES;
				CLANG_WARN_CONSTANT_CONVERSION = YES;
				CLANG_WARN_DEPRECATED_OBJC_IMPLEMENTATIONS = YES;
				CLANG_WARN_DIRECT_OBJC_ISA_USAGE = YES_ERROR;
				CLANG_WARN_DOCUMENTATION_COMMENTS = YES;
				CLANG_WARN_EMPTY_BODY = YES;
				CLANG_WARN_ENUM_CONVERSION = YES;
				CLANG_WARN_INFINITE_RECURSION = YES;
				CLANG_WARN_INT_CONVERSION = YES;
				CLANG_WARN_NON_LITERAL_NULL_CONVERSION = YES;
				CLANG_WARN_OBJC_IMPLICIT_RETAIN_SELF = YES;
				CLANG_WARN_OBJC_LITERAL_CONVERSION = YES;
				CLANG_WARN_OBJC_ROOT_CLASS = YES_ERROR;
				CLANG_WARN_QUOTED_INCLUDE_IN_FRAMEWORK_HEADER = YES;
				CLANG_WARN_RANGE_LOOP_ANALYSIS = YES;
				CLANG_WARN_STRICT_PROTOTYPES = YES;
				CLANG_WARN_SUSPICIOUS_MOVE = YES;
				CLANG_WARN_UNGUARDED_AVAILABILITY = YES_AGGRESSIVE;
				CLANG_WARN_UNREACHABLE_CODE = YES;
				CLANG_WARN__DUPLICATE_METHOD_MATCH = YES;
				COPY_PHASE_STRIP = NO;
				DEBUG_INFORMATION_FORMAT = dwarf;
				ENABLE_STRICT_OBJC_MSGSEND = YES;
				ENABLE_TESTABILITY = YES;
				GCC_C_LANGUAGE_STANDARD = gnu11;
				GCC_DYNAMIC_NO_PIC = NO;
				GCC_NO_COMMON_BLOCKS = YES;
				GCC_OPTIMIZATION_LEVEL = 0;
				GCC_PREPROCESSOR_DEFINITIONS = (
					"$(inherited)",
					"DEBUG=1",
				);
				GCC_WARN_64_TO_32_BIT_CONVERSION = YES;
				GCC_WARN_ABOUT_RETURN_TYPE = YES_ERROR;
				GCC_WARN_UNDECLARED_SELECTOR = YES;
				GCC_WARN_UNINITIALIZED_AUTOS = YES_AGGRESSIVE;
				GCC_WARN_UNUSED_FUNCTION = YES;
				GCC_WARN_UNUSED_VARIABLE = YES;
				MACOSX_DEPLOYMENT_TARGET = 14.0;
				MTL_ENABLE_DEBUG_INFO = INCLUDE_SOURCE;
				MTL_FAST_MATH = YES;
				ONLY_ACTIVE_ARCH = YES;
				PRODUCT_NAME = "$(TARGET_NAME)";
				SDKROOT = macosx;
				SWIFT_ACTIVE_COMPILATION_CONDITIONS = DEBUG;
				SWIFT_OPTIMIZATION_LEVEL = "-Onone";
				SWIFT_VERSION = 5.0;
			};
			name = Debug;
		};
		E912CBA80AF49FED74AC986E /* Release */ = {
			isa = XCBuildConfiguration;
			buildSettings = {
				BUNDLE_LOADER = "$(TEST_HOST)";
				COMBINE_HIDPI_IMAGES = YES;
				GENERATE_INFOPLIST_FILE = YES;
				LD_RUNPATH_SEARCH_PATHS = (
					"$(inherited)",
					"@executable_path/../Frameworks",
					"@loader_path/../Frameworks",
				);
				PRODUCT_BUNDLE_IDENTIFIER = "com.kerim.final-final-tests";
				SDKROOT = macosx;
				SWIFT_VERSION = 5.9;
				TEST_HOST = "$(BUILT_PRODUCTS_DIR)/FINAL|FINAL.app/Contents/MacOS/FINAL|FINAL";
			};
			name = Release;
		};
/* End XCBuildConfiguration section */

/* Begin XCConfigurationList section */
		2E161EC228B8AE3510464111 /* Build configuration list for PBXNativeTarget "final final" */ = {
			isa = XCConfigurationList;
			buildConfigurations = (
				71EA0B12C1C0C97C42A15FDC /* Debug */,
				7F944E942DFED44C9A711E4F /* Release */,
			);
			defaultConfigurationIsVisible = 0;
			defaultConfigurationName = Debug;
		};
		3D58365191C3B81045CC67DB /* Build configuration list for PBXProject "final final" */ = {
			isa = XCConfigurationList;
			buildConfigurations = (
				DD0356459FEFE41CCC3AEA03 /* Debug */,
				05D68221E751AE7AB86E28DB /* Release */,
			);
			defaultConfigurationIsVisible = 0;
			defaultConfigurationName = Debug;
		};
		A113F1C650E247ABF9699C3F /* Build configuration list for PBXNativeTarget "final finalTests" */ = {
			isa = XCConfigurationList;
			buildConfigurations = (
				325CEE181C40AF7C0BAF9405 /* Debug */,
				E912CBA80AF49FED74AC986E /* Release */,
			);
			defaultConfigurationIsVisible = 0;
			defaultConfigurationName = Debug;
		};
		A99DC2D6B27B66D7E580FBE9 /* Build configuration list for PBXNativeTarget "final finalUITests" */ = {
			isa = XCConfigurationList;
			buildConfigurations = (
				01DDEA1156C69DB1F5E21F51 /* Debug */,
				0D4CD9A7010A574AB7109E80 /* Release */,
			);
			defaultConfigurationIsVisible = 0;
			defaultConfigurationName = Debug;
		};
/* End XCConfigurationList section */

/* Begin XCRemoteSwiftPackageReference section */
		BBDFE52FE592986009318F3C /* XCRemoteSwiftPackageReference "GRDB.swift" */ = {
			isa = XCRemoteSwiftPackageReference;
			repositoryURL = "https://github.com/groue/GRDB.swift";
			requirement = {
				kind = upToNextMajorVersion;
				minimumVersion = 7.0.0;
			};
		};
/* End XCRemoteSwiftPackageReference section */

/* Begin XCSwiftPackageProductDependency section */
		980503AFBDB8FC8CEF6F8BFE /* GRDB */ = {
			isa = XCSwiftPackageProductDependency;
			package = BBDFE52FE592986009318F3C /* XCRemoteSwiftPackageReference "GRDB.swift" */;
			productName = GRDB;
		};
/* End XCSwiftPackageProductDependency section */
	};
	rootObject = F0BAF9FF1D366B40F0176899 /* Project object */;
}
